// !$*UTF8*$!
{
	archiveVersion = 1;
	classes = {
	};
	objectVersion = 50;
	objects = {

/* Begin PBXBuildFile section */
		95C6169FD035BCDB2C3B1CC1 /* Pods_SwiftGuideApp.framework in Frameworks */ = {isa = PBXBuildFile; fileRef = 6DAE841CFEB8B5D49417106C /* Pods_SwiftGuideApp.framework */; };
		C000DD4D2180A26B009C2D04 /* swift_tutorials.json in Resources */ = {isa = PBXBuildFile; fileRef = C000DD4C2180A26B009C2D04 /* swift_tutorials.json */; };
		C006702B217F9BE800D2001B /* CollectionTypes.md in Resources */ = {isa = PBXBuildFile; fileRef = C006702A217F9BE800D2001B /* CollectionTypes.md */; };
		C0141F572174B9550093BF56 /* Comments.md in Resources */ = {isa = PBXBuildFile; fileRef = C0141F562174B9550093BF56 /* Comments.md */; };
		C0141F592174BA650093BF56 /* Integers.md in Resources */ = {isa = PBXBuildFile; fileRef = C0141F582174BA650093BF56 /* Integers.md */; };
		C0141F5B2174BC030093BF56 /* FloatingPointNumbers.md in Resources */ = {isa = PBXBuildFile; fileRef = C0141F5A2174BC030093BF56 /* FloatingPointNumbers.md */; };
		C0141F5E2174BDEE0093BF56 /* TypeSafetyAndTypeInference.md in Resources */ = {isa = PBXBuildFile; fileRef = C0141F5D2174BDEE0093BF56 /* TypeSafetyAndTypeInference.md */; };
		C0141F602174BEA00093BF56 /* NumericLiterals.md in Resources */ = {isa = PBXBuildFile; fileRef = C0141F5F2174BEA00093BF56 /* NumericLiterals.md */; };
		C0141F622174C1AD0093BF56 /* NumericTypeConversion.md in Resources */ = {isa = PBXBuildFile; fileRef = C0141F612174C1AD0093BF56 /* NumericTypeConversion.md */; };
		C0141F642174C3660093BF56 /* TypeAliases.md in Resources */ = {isa = PBXBuildFile; fileRef = C0141F632174C3660093BF56 /* TypeAliases.md */; };
		C017FE6E216A82B800FA116D /* PatternsViewController.swift in Sources */ = {isa = PBXBuildFile; fileRef = C017FE6D216A82B800FA116D /* PatternsViewController.swift */; };
		C017FE70216A831700FA116D /* LibrariesViewController.swift in Sources */ = {isa = PBXBuildFile; fileRef = C017FE6F216A831700FA116D /* LibrariesViewController.swift */; };
		C017FE72216A833200FA116D /* OtherViewController.swift in Sources */ = {isa = PBXBuildFile; fileRef = C017FE71216A833200FA116D /* OtherViewController.swift */; };
		C01C4EED2187672B0041B1EF /* PerformingSetOperations.md in Resources */ = {isa = PBXBuildFile; fileRef = C01C4EEC2187672B0041B1EF /* PerformingSetOperations.md */; };
		C01C4EEF2187696D0041B1EF /* Dictionaries.md in Resources */ = {isa = PBXBuildFile; fileRef = C01C4EEE2187696D0041B1EF /* Dictionaries.md */; };
		C01D7BBC2173AC8E000208CC /* ConstantsAndVariables.md in Resources */ = {isa = PBXBuildFile; fileRef = C01D7BBB2173AC8E000208CC /* ConstantsAndVariables.md */; };
		C01D88872163A41000F0F317 /* Xcode.md in Resources */ = {isa = PBXBuildFile; fileRef = C01D88862163A41000F0F317 /* Xcode.md */; };
		C01D88892163A63600F0F317 /* TutorialViewController.swift in Sources */ = {isa = PBXBuildFile; fileRef = C01D88882163A63600F0F317 /* TutorialViewController.swift */; };
		C01D888E2163C93A00F0F317 /* Playground.md in Resources */ = {isa = PBXBuildFile; fileRef = C01D888D2163C93A00F0F317 /* Playground.md */; };
		C01D88902163D53500F0F317 /* Tutorial.swift in Sources */ = {isa = PBXBuildFile; fileRef = C01D888F2163D53500F0F317 /* Tutorial.swift */; };
		C0256EB221862ECC0055DD4D /* Sets.md in Resources */ = {isa = PBXBuildFile; fileRef = C0256EB121862ECC0055DD4D /* Sets.md */; };
		C02F3844219887B9005AA272 /* ControlTransferStatements.md in Resources */ = {isa = PBXBuildFile; fileRef = C02F3841219887B9005AA272 /* ControlTransferStatements.md */; };
		C02F3845219887B9005AA272 /* EarlyExit.md in Resources */ = {isa = PBXBuildFile; fileRef = C02F3842219887B9005AA272 /* EarlyExit.md */; };
		C02F384721988B38005AA272 /* CheckingAPIAvailability.md in Resources */ = {isa = PBXBuildFile; fileRef = C02F384621988B38005AA272 /* CheckingAPIAvailability.md */; };
		C02F384A21988B38005AA272 /* Functions.md in Resources */ = {isa = PBXBuildFile; fileRef = C02F384921988B38005AA272 /* Functions.md */; };
		C02F384C21988B38005AA272 /* DefiningAndCallingFunctions.md in Resources */ = {isa = PBXBuildFile; fileRef = C02F384B21988B38005AA272 /* DefiningAndCallingFunctions.md */; };
		C02F384E21988B38005AA272 /* FunctionParametersAndReturnValues.md in Resources */ = {isa = PBXBuildFile; fileRef = C02F384D21988B38005AA272 /* FunctionParametersAndReturnValues.md */; };
		C02F385021988B38005AA272 /* FunctionArgumentLabelsAndParameterNames.md in Resources */ = {isa = PBXBuildFile; fileRef = C02F384F21988B38005AA272 /* FunctionArgumentLabelsAndParameterNames.md */; };
		C02F385221988B38005AA272 /* FunctionTypes.md in Resources */ = {isa = PBXBuildFile; fileRef = C02F385121988B38005AA272 /* FunctionTypes.md */; };
		C02F385421988B38005AA272 /* NestedFunctions.md in Resources */ = {isa = PBXBuildFile; fileRef = C02F385321988B38005AA272 /* NestedFunctions.md */; };
		C02F385721988B38005AA272 /* Closures.md in Resources */ = {isa = PBXBuildFile; fileRef = C02F385621988B38005AA272 /* Closures.md */; };
		C02F38592198957B005AA272 /* ClosureExpressions.md in Resources */ = {isa = PBXBuildFile; fileRef = C02F38582198957B005AA272 /* ClosureExpressions.md */; };
		C0325DD32188D59C00777AE3 /* ControlFlowAbout.md in Resources */ = {isa = PBXBuildFile; fileRef = C0325DD22188D59C00777AE3 /* ControlFlowAbout.md */; };
		C0325DD62188D69700777AE3 /* ForInLoops.md in Resources */ = {isa = PBXBuildFile; fileRef = C0325DD52188D69700777AE3 /* ForInLoops.md */; };
		C04A6981217A54B100FF2C03 /* ArithmeticOperators.md in Resources */ = {isa = PBXBuildFile; fileRef = C04A6980217A54B100FF2C03 /* ArithmeticOperators.md */; };
		C04A6983217A56F300FF2C03 /* CompoundAssignmentOperators.md in Resources */ = {isa = PBXBuildFile; fileRef = C04A6982217A56F300FF2C03 /* CompoundAssignmentOperators.md */; };
		C04A6985217A582900FF2C03 /* ComparsionOperators.md in Resources */ = {isa = PBXBuildFile; fileRef = C04A6984217A582900FF2C03 /* ComparsionOperators.md */; };
		C04A6987217A5A2E00FF2C03 /* TernaryConditionalOperator.md in Resources */ = {isa = PBXBuildFile; fileRef = C04A6986217A5A2E00FF2C03 /* TernaryConditionalOperator.md */; };
		C04A6989217A5B3A00FF2C03 /* NilCoalescingOperator.md in Resources */ = {isa = PBXBuildFile; fileRef = C04A6988217A5B3A00FF2C03 /* NilCoalescingOperator.md */; };
		C04A698B217A5CB000FF2C03 /* RangeOperators.md in Resources */ = {isa = PBXBuildFile; fileRef = C04A698A217A5CB000FF2C03 /* RangeOperators.md */; };
		C04A698D217A5DED00FF2C03 /* LogicalOperators.md in Resources */ = {isa = PBXBuildFile; fileRef = C04A698C217A5DED00FF2C03 /* LogicalOperators.md */; };
		C04A6990217A5FF100FF2C03 /* StringsAndCharacters.md in Resources */ = {isa = PBXBuildFile; fileRef = C04A698F217A5FF100FF2C03 /* StringsAndCharacters.md */; };
		C05326AC216DC38300839BDE /* VersionSwift.md in Resources */ = {isa = PBXBuildFile; fileRef = C05326AB216DC38300839BDE /* VersionSwift.md */; };
		C054D88021665B7F00FFA52D /* Variables.md in Resources */ = {isa = PBXBuildFile; fileRef = C054D87F21665B7F00FFA52D /* Variables.md */; };
		C056CA262180F6FF00D48020 /* MutabilityOfCollections.md in Resources */ = {isa = PBXBuildFile; fileRef = C056CA252180F6FF00D48020 /* MutabilityOfCollections.md */; };
		C056CA282180F77400D48020 /* Arrays.md in Resources */ = {isa = PBXBuildFile; fileRef = C056CA272180F77400D48020 /* Arrays.md */; };
		C05BA3F721750E5400C4A8E2 /* Booleans.md in Resources */ = {isa = PBXBuildFile; fileRef = C05BA3F621750E5400C4A8E2 /* Booleans.md */; };
		C05D3EEF2162935F00BD0268 /* SwiftViewController.swift in Sources */ = {isa = PBXBuildFile; fileRef = C05D3EEE2162935F00BD0268 /* SwiftViewController.swift */; };
		C05D3EFC216328BE00BD0268 /* CategoryRow.swift in Sources */ = {isa = PBXBuildFile; fileRef = C05D3EFB216328BE00BD0268 /* CategoryRow.swift */; };
		C05D3EFE2163306B00BD0268 /* TopicCell.swift in Sources */ = {isa = PBXBuildFile; fileRef = C05D3EFD2163306B00BD0268 /* TopicCell.swift */; };
		C06161CE216CA5A7000D3D89 /* AboutSwift.md in Resources */ = {isa = PBXBuildFile; fileRef = C06161CD216CA5A7000D3D89 /* AboutSwift.md */; };
		C06A9976216FC45D00836925 /* ControlFlow.md in Resources */ = {isa = PBXBuildFile; fileRef = C06A9975216FC45D00836925 /* ControlFlow.md */; };
		C06CB43B21712BE100C147B9 /* ErrorHandling.md in Resources */ = {isa = PBXBuildFile; fileRef = C06CB43A21712BE100C147B9 /* ErrorHandling.md */; };
		C06CB43D2171BEFC00C147B9 /* Generics.md in Resources */ = {isa = PBXBuildFile; fileRef = C06CB43C2171BEFC00C147B9 /* Generics.md */; };
		C073951221692A8A00F9A2E2 /* DesignPatterns.md in Resources */ = {isa = PBXBuildFile; fileRef = C073951121692A8A00F9A2E2 /* DesignPatterns.md */; };
		C08A62872182364500CF77FA /* TutorialManager.swift in Sources */ = {isa = PBXBuildFile; fileRef = C08A62862182364500CF77FA /* TutorialManager.swift */; };
		C08A628921823A7800CF77FA /* SectionTutorials.swift in Sources */ = {isa = PBXBuildFile; fileRef = C08A628821823A7800CF77FA /* SectionTutorials.swift */; };
		C08A628B2182D95000CF77FA /* FileNotFound.md in Resources */ = {isa = PBXBuildFile; fileRef = C08A628A2182D95000CF77FA /* FileNotFound.md */; };
		C08F3A502177769100CAA89D /* Optionals.md in Resources */ = {isa = PBXBuildFile; fileRef = C08F3A4F2177769100CAA89D /* Optionals.md */; };
		C08F3A542177B60A00CAA89D /* ErrorHandlingBasic.md in Resources */ = {isa = PBXBuildFile; fileRef = C08F3A532177B60A00CAA89D /* ErrorHandlingBasic.md */; };
		C099EA0C217CFCE3000F304A /* Unicode.md in Resources */ = {isa = PBXBuildFile; fileRef = C099EA0B217CFCE3000F304A /* Unicode.md */; };
		C099EA0E217CFE7B000F304A /* CountingCharacters.md in Resources */ = {isa = PBXBuildFile; fileRef = C099EA0D217CFE7B000F304A /* CountingCharacters.md */; };
		C099EA10217D0282000F304A /* AccessingAndModifyingString.md in Resources */ = {isa = PBXBuildFile; fileRef = C099EA0F217D0282000F304A /* AccessingAndModifyingString.md */; };
		C099EA12217D05D6000F304A /* Substrings.md in Resources */ = {isa = PBXBuildFile; fileRef = C099EA11217D05D6000F304A /* Substrings.md */; };
		C099EA14217D091B000F304A /* ComparingStrings.md in Resources */ = {isa = PBXBuildFile; fileRef = C099EA13217D091B000F304A /* ComparingStrings.md */; };
		C099EA16217D0C14000F304A /* UnicodeRepresentationsOfStrings.md in Resources */ = {isa = PBXBuildFile; fileRef = C099EA15217D0C14000F304A /* UnicodeRepresentationsOfStrings.md */; };
		C09B0DCC2178D8B400F5DE5F /* AssertionsAndPreconditions.md in Resources */ = {isa = PBXBuildFile; fileRef = C09B0DCB2178D8B400F5DE5F /* AssertionsAndPreconditions.md */; };
		C09B0DCF2179025000F5DE5F /* Operators.md in Resources */ = {isa = PBXBuildFile; fileRef = C09B0DCE2179025000F5DE5F /* Operators.md */; };
		C09B0DD1217909E800F5DE5F /* Terminology.md in Resources */ = {isa = PBXBuildFile; fileRef = C09B0DD0217909E800F5DE5F /* Terminology.md */; };
		C09E6A2F2170CB8D009A0130 /* FunctionsAndClosures.md in Resources */ = {isa = PBXBuildFile; fileRef = C09E6A2E2170CB8D009A0130 /* FunctionsAndClosures.md */; };
		C09E6A312170CF02009A0130 /* ObjectsAndClasses.md in Resources */ = {isa = PBXBuildFile; fileRef = C09E6A302170CF02009A0130 /* ObjectsAndClasses.md */; };
		C09E6A332170D25D009A0130 /* EnumerationsAndStructures.md in Resources */ = {isa = PBXBuildFile; fileRef = C09E6A322170D25D009A0130 /* EnumerationsAndStructures.md */; };
		C09E6A352170D750009A0130 /* ProtocolsAndExtensions.md in Resources */ = {isa = PBXBuildFile; fileRef = C09E6A342170D750009A0130 /* ProtocolsAndExtensions.md */; };
		C09F914D218B814E006AAA07 /* ConditionalStatements.md in Resources */ = {isa = PBXBuildFile; fileRef = C09F914C218B814E006AAA07 /* ConditionalStatements.md */; };
		C0A45264217BA95F0007EF89 /* StringLiterals.md in Resources */ = {isa = PBXBuildFile; fileRef = C0A45263217BA95F0007EF89 /* StringLiterals.md */; };
		C0A45266217BAB780007EF89 /* StringMutability.md in Resources */ = {isa = PBXBuildFile; fileRef = C0A45265217BAB780007EF89 /* StringMutability.md */; };
		C0A45268217BABF30007EF89 /* InitializingAnEmptyString.md in Resources */ = {isa = PBXBuildFile; fileRef = C0A45267217BABF30007EF89 /* InitializingAnEmptyString.md */; };
		C0A4526A217BACA40007EF89 /* StringsAreValueTypes.md in Resources */ = {isa = PBXBuildFile; fileRef = C0A45269217BACA40007EF89 /* StringsAreValueTypes.md */; };
		C0A4526C217BAD5C0007EF89 /* WorkingWithCharacters.md in Resources */ = {isa = PBXBuildFile; fileRef = C0A4526B217BAD5C0007EF89 /* WorkingWithCharacters.md */; };
		C0A4526E217BAE0D0007EF89 /* ConcatenatingStringsAndCharacters.md in Resources */ = {isa = PBXBuildFile; fileRef = C0A4526D217BAE0D0007EF89 /* ConcatenatingStringsAndCharacters.md */; };
		C0A45270217BAF6E0007EF89 /* StringInterpolation.md in Resources */ = {isa = PBXBuildFile; fileRef = C0A4526F217BAF6E0007EF89 /* StringInterpolation.md */; };
		C0ADF362216E774E00B6B0F8 /* HelloWorld.md in Resources */ = {isa = PBXBuildFile; fileRef = C0ADF361216E774E00B6B0F8 /* HelloWorld.md */; };
		C0C10E7E2180EB170071E66E /* patterns_tutorials.json in Resources */ = {isa = PBXBuildFile; fileRef = C0C10E7D2180EB170071E66E /* patterns_tutorials.json */; };
		C0C10E802180EC2E0071E66E /* libraries_tutorials.json in Resources */ = {isa = PBXBuildFile; fileRef = C0C10E7F2180EC2E0071E66E /* libraries_tutorials.json */; };
		C0C10E842180ECDA0071E66E /* other_tutorials.json in Resources */ = {isa = PBXBuildFile; fileRef = C0C10E832180ECDA0071E66E /* other_tutorials.json */; };
		C0C824F021620DC700D8076F /* AppDelegate.swift in Sources */ = {isa = PBXBuildFile; fileRef = C0C824EF21620DC700D8076F /* AppDelegate.swift */; };
		C0C824F521620DC700D8076F /* Main.storyboard in Resources */ = {isa = PBXBuildFile; fileRef = C0C824F321620DC700D8076F /* Main.storyboard */; };
		C0C824F721620DC800D8076F /* Assets.xcassets in Resources */ = {isa = PBXBuildFile; fileRef = C0C824F621620DC800D8076F /* Assets.xcassets */; };
		C0C824FA21620DC800D8076F /* LaunchScreen.storyboard in Resources */ = {isa = PBXBuildFile; fileRef = C0C824F821620DC800D8076F /* LaunchScreen.storyboard */; };
		C0D640FE21765B5200E7E4F0 /* Tuples.md in Resources */ = {isa = PBXBuildFile; fileRef = C0D640FD21765B5200E7E4F0 /* Tuples.md */; };
		C0D6B556217A1353004B6B4A /* AssignmentOperator.md in Resources */ = {isa = PBXBuildFile; fileRef = C0D6B555217A1353004B6B4A /* AssignmentOperator.md */; };
		C0D96E74219F52230070394B /* CapturingValues.md in Resources */ = {isa = PBXBuildFile; fileRef = C0D96E73219F52230070394B /* CapturingValues.md */; };
		C0D96E76219F522C0070394B /* TrailingClosures.md in Resources */ = {isa = PBXBuildFile; fileRef = C0D96E75219F522C0070394B /* TrailingClosures.md */; };
		C0D96E78219F52580070394B /* ClosuresAreReferenceTypes.md in Resources */ = {isa = PBXBuildFile; fileRef = C0D96E77219F52580070394B /* ClosuresAreReferenceTypes.md */; };
		C0D96E7A219F52D50070394B /* EscapingClosures.md in Resources */ = {isa = PBXBuildFile; fileRef = C0D96E79219F52D50070394B /* EscapingClosures.md */; };
		C0D96E7C219F53110070394B /* Autoclosures.md in Resources */ = {isa = PBXBuildFile; fileRef = C0D96E7B219F53110070394B /* Autoclosures.md */; };
		C0D96E8021A0A5480070394B /* EnumberationSyntax.md in Resources */ = {isa = PBXBuildFile; fileRef = C0D96E7F21A0A5480070394B /* EnumberationSyntax.md */; };
		C0D96E8221A0A58D0070394B /* MatchingEnumeration.md in Resources */ = {isa = PBXBuildFile; fileRef = C0D96E8121A0A58D0070394B /* MatchingEnumeration.md */; };
		C0D96E8421A0A6270070394B /* IteratingOverEnumerationCases.md in Resources */ = {isa = PBXBuildFile; fileRef = C0D96E8321A0A6270070394B /* IteratingOverEnumerationCases.md */; };
		C0D96E8621A0A6740070394B /* AssociatedValues.md in Resources */ = {isa = PBXBuildFile; fileRef = C0D96E8521A0A6740070394B /* AssociatedValues.md */; };
		C0D96E8821A0A6B20070394B /* RawValues.md in Resources */ = {isa = PBXBuildFile; fileRef = C0D96E8721A0A6B20070394B /* RawValues.md */; };
		C0D96E8A21A8906E0070394B /* RecursiveEnumerations.md in Resources */ = {isa = PBXBuildFile; fileRef = C0D96E8921A8906E0070394B /* RecursiveEnumerations.md */; };
		C0D96E8D21A890C30070394B /* StructuresAndClasses.md in Resources */ = {isa = PBXBuildFile; fileRef = C0D96E8C21A890C30070394B /* StructuresAndClasses.md */; };
		C0D96E8F21A891020070394B /* ComparingStructuresAndClasses.md in Resources */ = {isa = PBXBuildFile; fileRef = C0D96E8E21A891020070394B /* ComparingStructuresAndClasses.md */; };
		C0D96E9121A8914E0070394B /* StructuresAndEnumerationsAreValuesTypes.md in Resources */ = {isa = PBXBuildFile; fileRef = C0D96E9021A8914E0070394B /* StructuresAndEnumerationsAreValuesTypes.md */; };
		C0D96E9321A891A40070394B /* ClassesAreReferenceTypes.md in Resources */ = {isa = PBXBuildFile; fileRef = C0D96E9221A891A40070394B /* ClassesAreReferenceTypes.md */; };
		C0D96E9921A9E4600070394B /* PropertyObservers.md in Resources */ = {isa = PBXBuildFile; fileRef = C0D96E9821A9E4600070394B /* PropertyObservers.md */; };
		C0D96E9E21A9E51C0070394B /* Methods.md in Resources */ = {isa = PBXBuildFile; fileRef = C0D96E9D21A9E51C0070394B /* Methods.md */; };
		C0D96EA521FD8BD80070394B /* TypeMethods.md in Resources */ = {isa = PBXBuildFile; fileRef = C0D96EA421FD8BD80070394B /* TypeMethods.md */; };
		C0E208CA218A21E500B6C377 /* WhileLoops.md in Resources */ = {isa = PBXBuildFile; fileRef = C0E208C9218A21E500B6C377 /* WhileLoops.md */; };
		C0EDDC04216B31480098BBE8 /* SwiftTutorials.swift in Sources */ = {isa = PBXBuildFile; fileRef = C0EDDC03216B31480098BBE8 /* SwiftTutorials.swift */; };
		C0EDDC06216B31550098BBE8 /* PatternsTutorials.swift in Sources */ = {isa = PBXBuildFile; fileRef = C0EDDC05216B31550098BBE8 /* PatternsTutorials.swift */; };
		C0EDDC08216B316E0098BBE8 /* LibrariesTutorials.swift in Sources */ = {isa = PBXBuildFile; fileRef = C0EDDC07216B316E0098BBE8 /* LibrariesTutorials.swift */; };
		C0EDDC0A216B317F0098BBE8 /* OtherTutorials.swift in Sources */ = {isa = PBXBuildFile; fileRef = C0EDDC09216B317F0098BBE8 /* OtherTutorials.swift */; };
		C0EDDC10216B84660098BBE8 /* RxSwift.md in Resources */ = {isa = PBXBuildFile; fileRef = C0EDDC0F216B84660098BBE8 /* RxSwift.md */; };
		C0F556E12183938700F6EE09 /* SectionManager.swift in Sources */ = {isa = PBXBuildFile; fileRef = C0F556E02183938700F6EE09 /* SectionManager.swift */; };
/* End PBXBuildFile section */

/* Begin PBXFileReference section */
		6DAE841CFEB8B5D49417106C /* Pods_SwiftGuideApp.framework */ = {isa = PBXFileReference; explicitFileType = wrapper.framework; includeInIndex = 0; path = Pods_SwiftGuideApp.framework; sourceTree = BUILT_PRODUCTS_DIR; };
		7D3F85B1B3A5AFCCDBFEC662 /* Pods-SwiftGuideApp.debug.xcconfig */ = {isa = PBXFileReference; includeInIndex = 1; lastKnownFileType = text.xcconfig; name = "Pods-SwiftGuideApp.debug.xcconfig"; path = "Pods/Target Support Files/Pods-SwiftGuideApp/Pods-SwiftGuideApp.debug.xcconfig"; sourceTree = "<group>"; };
		C000DD4C2180A26B009C2D04 /* swift_tutorials.json */ = {isa = PBXFileReference; lastKnownFileType = text.json; path = swift_tutorials.json; sourceTree = "<group>"; };
		C006702A217F9BE800D2001B /* CollectionTypes.md */ = {isa = PBXFileReference; lastKnownFileType = net.daringfireball.markdown; path = CollectionTypes.md; sourceTree = "<group>"; };
		C0141F562174B9550093BF56 /* Comments.md */ = {isa = PBXFileReference; lastKnownFileType = net.daringfireball.markdown; path = Comments.md; sourceTree = "<group>"; };
		C0141F582174BA650093BF56 /* Integers.md */ = {isa = PBXFileReference; lastKnownFileType = net.daringfireball.markdown; path = Integers.md; sourceTree = "<group>"; };
		C0141F5A2174BC030093BF56 /* FloatingPointNumbers.md */ = {isa = PBXFileReference; lastKnownFileType = net.daringfireball.markdown; path = FloatingPointNumbers.md; sourceTree = "<group>"; };
		C0141F5D2174BDEE0093BF56 /* TypeSafetyAndTypeInference.md */ = {isa = PBXFileReference; lastKnownFileType = net.daringfireball.markdown; path = TypeSafetyAndTypeInference.md; sourceTree = "<group>"; };
		C0141F5F2174BEA00093BF56 /* NumericLiterals.md */ = {isa = PBXFileReference; lastKnownFileType = net.daringfireball.markdown; path = NumericLiterals.md; sourceTree = "<group>"; };
		C0141F612174C1AD0093BF56 /* NumericTypeConversion.md */ = {isa = PBXFileReference; lastKnownFileType = net.daringfireball.markdown; path = NumericTypeConversion.md; sourceTree = "<group>"; };
		C0141F632174C3660093BF56 /* TypeAliases.md */ = {isa = PBXFileReference; lastKnownFileType = net.daringfireball.markdown; path = TypeAliases.md; sourceTree = "<group>"; };
		C017FE6D216A82B800FA116D /* PatternsViewController.swift */ = {isa = PBXFileReference; lastKnownFileType = sourcecode.swift; path = PatternsViewController.swift; sourceTree = "<group>"; };
		C017FE6F216A831700FA116D /* LibrariesViewController.swift */ = {isa = PBXFileReference; lastKnownFileType = sourcecode.swift; path = LibrariesViewController.swift; sourceTree = "<group>"; };
		C017FE71216A833200FA116D /* OtherViewController.swift */ = {isa = PBXFileReference; lastKnownFileType = sourcecode.swift; path = OtherViewController.swift; sourceTree = "<group>"; };
		C01C4EEC2187672B0041B1EF /* PerformingSetOperations.md */ = {isa = PBXFileReference; lastKnownFileType = net.daringfireball.markdown; path = PerformingSetOperations.md; sourceTree = "<group>"; };
		C01C4EEE2187696D0041B1EF /* Dictionaries.md */ = {isa = PBXFileReference; lastKnownFileType = net.daringfireball.markdown; path = Dictionaries.md; sourceTree = "<group>"; };
		C01D7BBB2173AC8E000208CC /* ConstantsAndVariables.md */ = {isa = PBXFileReference; lastKnownFileType = net.daringfireball.markdown; path = ConstantsAndVariables.md; sourceTree = "<group>"; };
		C01D88862163A41000F0F317 /* Xcode.md */ = {isa = PBXFileReference; lastKnownFileType = net.daringfireball.markdown; path = Xcode.md; sourceTree = "<group>"; };
		C01D88882163A63600F0F317 /* TutorialViewController.swift */ = {isa = PBXFileReference; lastKnownFileType = sourcecode.swift; path = TutorialViewController.swift; sourceTree = "<group>"; };
		C01D888D2163C93A00F0F317 /* Playground.md */ = {isa = PBXFileReference; lastKnownFileType = net.daringfireball.markdown; path = Playground.md; sourceTree = "<group>"; };
		C01D888F2163D53500F0F317 /* Tutorial.swift */ = {isa = PBXFileReference; lastKnownFileType = sourcecode.swift; path = Tutorial.swift; sourceTree = "<group>"; };
		C0256EB121862ECC0055DD4D /* Sets.md */ = {isa = PBXFileReference; lastKnownFileType = net.daringfireball.markdown; path = Sets.md; sourceTree = "<group>"; };
		C02F3841219887B9005AA272 /* ControlTransferStatements.md */ = {isa = PBXFileReference; fileEncoding = 4; lastKnownFileType = net.daringfireball.markdown; path = ControlTransferStatements.md; sourceTree = "<group>"; };
		C02F3842219887B9005AA272 /* EarlyExit.md */ = {isa = PBXFileReference; fileEncoding = 4; lastKnownFileType = net.daringfireball.markdown; path = EarlyExit.md; sourceTree = "<group>"; };
		C02F384621988B38005AA272 /* CheckingAPIAvailability.md */ = {isa = PBXFileReference; fileEncoding = 4; lastKnownFileType = net.daringfireball.markdown; path = CheckingAPIAvailability.md; sourceTree = "<group>"; };
		C02F384921988B38005AA272 /* Functions.md */ = {isa = PBXFileReference; lastKnownFileType = net.daringfireball.markdown; path = Functions.md; sourceTree = "<group>"; };
		C02F384B21988B38005AA272 /* DefiningAndCallingFunctions.md */ = {isa = PBXFileReference; lastKnownFileType = net.daringfireball.markdown; path = DefiningAndCallingFunctions.md; sourceTree = "<group>"; };
		C02F384D21988B38005AA272 /* FunctionParametersAndReturnValues.md */ = {isa = PBXFileReference; lastKnownFileType = net.daringfireball.markdown; path = FunctionParametersAndReturnValues.md; sourceTree = "<group>"; };
		C02F384F21988B38005AA272 /* FunctionArgumentLabelsAndParameterNames.md */ = {isa = PBXFileReference; lastKnownFileType = net.daringfireball.markdown; path = FunctionArgumentLabelsAndParameterNames.md; sourceTree = "<group>"; };
		C02F385121988B38005AA272 /* FunctionTypes.md */ = {isa = PBXFileReference; lastKnownFileType = net.daringfireball.markdown; path = FunctionTypes.md; sourceTree = "<group>"; };
		C02F385321988B38005AA272 /* NestedFunctions.md */ = {isa = PBXFileReference; lastKnownFileType = net.daringfireball.markdown; path = NestedFunctions.md; sourceTree = "<group>"; };
		C02F385621988B38005AA272 /* Closures.md */ = {isa = PBXFileReference; lastKnownFileType = net.daringfireball.markdown; path = Closures.md; sourceTree = "<group>"; };
		C02F38582198957B005AA272 /* ClosureExpressions.md */ = {isa = PBXFileReference; lastKnownFileType = net.daringfireball.markdown; path = ClosureExpressions.md; sourceTree = "<group>"; };
		C0325DD22188D59C00777AE3 /* ControlFlowAbout.md */ = {isa = PBXFileReference; lastKnownFileType = net.daringfireball.markdown; path = ControlFlowAbout.md; sourceTree = "<group>"; };
		C0325DD52188D69700777AE3 /* ForInLoops.md */ = {isa = PBXFileReference; lastKnownFileType = net.daringfireball.markdown; path = ForInLoops.md; sourceTree = "<group>"; };
		C04A6980217A54B100FF2C03 /* ArithmeticOperators.md */ = {isa = PBXFileReference; lastKnownFileType = net.daringfireball.markdown; path = ArithmeticOperators.md; sourceTree = "<group>"; };
		C04A6982217A56F300FF2C03 /* CompoundAssignmentOperators.md */ = {isa = PBXFileReference; lastKnownFileType = net.daringfireball.markdown; path = CompoundAssignmentOperators.md; sourceTree = "<group>"; };
		C04A6984217A582900FF2C03 /* ComparsionOperators.md */ = {isa = PBXFileReference; lastKnownFileType = net.daringfireball.markdown; path = ComparsionOperators.md; sourceTree = "<group>"; };
		C04A6986217A5A2E00FF2C03 /* TernaryConditionalOperator.md */ = {isa = PBXFileReference; lastKnownFileType = net.daringfireball.markdown; path = TernaryConditionalOperator.md; sourceTree = "<group>"; };
		C04A6988217A5B3A00FF2C03 /* NilCoalescingOperator.md */ = {isa = PBXFileReference; lastKnownFileType = net.daringfireball.markdown; path = NilCoalescingOperator.md; sourceTree = "<group>"; };
		C04A698A217A5CB000FF2C03 /* RangeOperators.md */ = {isa = PBXFileReference; lastKnownFileType = net.daringfireball.markdown; path = RangeOperators.md; sourceTree = "<group>"; };
		C04A698C217A5DED00FF2C03 /* LogicalOperators.md */ = {isa = PBXFileReference; lastKnownFileType = net.daringfireball.markdown; path = LogicalOperators.md; sourceTree = "<group>"; };
		C04A698F217A5FF100FF2C03 /* StringsAndCharacters.md */ = {isa = PBXFileReference; lastKnownFileType = net.daringfireball.markdown; path = StringsAndCharacters.md; sourceTree = "<group>"; };
		C05326AB216DC38300839BDE /* VersionSwift.md */ = {isa = PBXFileReference; lastKnownFileType = net.daringfireball.markdown; path = VersionSwift.md; sourceTree = "<group>"; };
		C054D87F21665B7F00FFA52D /* Variables.md */ = {isa = PBXFileReference; lastKnownFileType = net.daringfireball.markdown; path = Variables.md; sourceTree = "<group>"; };
		C056CA252180F6FF00D48020 /* MutabilityOfCollections.md */ = {isa = PBXFileReference; lastKnownFileType = net.daringfireball.markdown; path = MutabilityOfCollections.md; sourceTree = "<group>"; };
		C056CA272180F77400D48020 /* Arrays.md */ = {isa = PBXFileReference; lastKnownFileType = net.daringfireball.markdown; path = Arrays.md; sourceTree = "<group>"; };
		C05BA3F621750E5400C4A8E2 /* Booleans.md */ = {isa = PBXFileReference; lastKnownFileType = net.daringfireball.markdown; path = Booleans.md; sourceTree = "<group>"; };
		C05D3EEE2162935F00BD0268 /* SwiftViewController.swift */ = {isa = PBXFileReference; lastKnownFileType = sourcecode.swift; path = SwiftViewController.swift; sourceTree = "<group>"; };
		C05D3EFB216328BE00BD0268 /* CategoryRow.swift */ = {isa = PBXFileReference; lastKnownFileType = sourcecode.swift; path = CategoryRow.swift; sourceTree = "<group>"; };
		C05D3EFD2163306B00BD0268 /* TopicCell.swift */ = {isa = PBXFileReference; lastKnownFileType = sourcecode.swift; path = TopicCell.swift; sourceTree = "<group>"; };
		C06161CD216CA5A7000D3D89 /* AboutSwift.md */ = {isa = PBXFileReference; lastKnownFileType = net.daringfireball.markdown; path = AboutSwift.md; sourceTree = "<group>"; };
		C06A9975216FC45D00836925 /* ControlFlow.md */ = {isa = PBXFileReference; lastKnownFileType = net.daringfireball.markdown; path = ControlFlow.md; sourceTree = "<group>"; };
		C06CB43A21712BE100C147B9 /* ErrorHandling.md */ = {isa = PBXFileReference; lastKnownFileType = net.daringfireball.markdown; path = ErrorHandling.md; sourceTree = "<group>"; };
		C06CB43C2171BEFC00C147B9 /* Generics.md */ = {isa = PBXFileReference; lastKnownFileType = net.daringfireball.markdown; path = Generics.md; sourceTree = "<group>"; };
		C073951121692A8A00F9A2E2 /* DesignPatterns.md */ = {isa = PBXFileReference; lastKnownFileType = net.daringfireball.markdown; path = DesignPatterns.md; sourceTree = "<group>"; };
		C08A62862182364500CF77FA /* TutorialManager.swift */ = {isa = PBXFileReference; lastKnownFileType = sourcecode.swift; path = TutorialManager.swift; sourceTree = "<group>"; };
		C08A628821823A7800CF77FA /* SectionTutorials.swift */ = {isa = PBXFileReference; lastKnownFileType = sourcecode.swift; path = SectionTutorials.swift; sourceTree = "<group>"; };
		C08A628A2182D95000CF77FA /* FileNotFound.md */ = {isa = PBXFileReference; lastKnownFileType = net.daringfireball.markdown; path = FileNotFound.md; sourceTree = "<group>"; };
		C08F3A4F2177769100CAA89D /* Optionals.md */ = {isa = PBXFileReference; lastKnownFileType = net.daringfireball.markdown; path = Optionals.md; sourceTree = "<group>"; };
		C08F3A532177B60A00CAA89D /* ErrorHandlingBasic.md */ = {isa = PBXFileReference; lastKnownFileType = net.daringfireball.markdown; path = ErrorHandlingBasic.md; sourceTree = "<group>"; };
		C099EA0B217CFCE3000F304A /* Unicode.md */ = {isa = PBXFileReference; lastKnownFileType = net.daringfireball.markdown; path = Unicode.md; sourceTree = "<group>"; };
		C099EA0D217CFE7B000F304A /* CountingCharacters.md */ = {isa = PBXFileReference; lastKnownFileType = net.daringfireball.markdown; path = CountingCharacters.md; sourceTree = "<group>"; };
		C099EA0F217D0282000F304A /* AccessingAndModifyingString.md */ = {isa = PBXFileReference; lastKnownFileType = net.daringfireball.markdown; path = AccessingAndModifyingString.md; sourceTree = "<group>"; };
		C099EA11217D05D6000F304A /* Substrings.md */ = {isa = PBXFileReference; lastKnownFileType = net.daringfireball.markdown; path = Substrings.md; sourceTree = "<group>"; };
		C099EA13217D091B000F304A /* ComparingStrings.md */ = {isa = PBXFileReference; lastKnownFileType = net.daringfireball.markdown; path = ComparingStrings.md; sourceTree = "<group>"; };
		C099EA15217D0C14000F304A /* UnicodeRepresentationsOfStrings.md */ = {isa = PBXFileReference; lastKnownFileType = net.daringfireball.markdown; path = UnicodeRepresentationsOfStrings.md; sourceTree = "<group>"; };
		C09B0DCB2178D8B400F5DE5F /* AssertionsAndPreconditions.md */ = {isa = PBXFileReference; lastKnownFileType = net.daringfireball.markdown; path = AssertionsAndPreconditions.md; sourceTree = "<group>"; };
		C09B0DCE2179025000F5DE5F /* Operators.md */ = {isa = PBXFileReference; lastKnownFileType = net.daringfireball.markdown; path = Operators.md; sourceTree = "<group>"; };
		C09B0DD0217909E800F5DE5F /* Terminology.md */ = {isa = PBXFileReference; lastKnownFileType = net.daringfireball.markdown; path = Terminology.md; sourceTree = "<group>"; };
		C09E6A2E2170CB8D009A0130 /* FunctionsAndClosures.md */ = {isa = PBXFileReference; lastKnownFileType = net.daringfireball.markdown; path = FunctionsAndClosures.md; sourceTree = "<group>"; };
		C09E6A302170CF02009A0130 /* ObjectsAndClasses.md */ = {isa = PBXFileReference; lastKnownFileType = net.daringfireball.markdown; path = ObjectsAndClasses.md; sourceTree = "<group>"; };
		C09E6A322170D25D009A0130 /* EnumerationsAndStructures.md */ = {isa = PBXFileReference; lastKnownFileType = net.daringfireball.markdown; path = EnumerationsAndStructures.md; sourceTree = "<group>"; };
		C09E6A342170D750009A0130 /* ProtocolsAndExtensions.md */ = {isa = PBXFileReference; lastKnownFileType = net.daringfireball.markdown; path = ProtocolsAndExtensions.md; sourceTree = "<group>"; };
		C09F914C218B814E006AAA07 /* ConditionalStatements.md */ = {isa = PBXFileReference; lastKnownFileType = net.daringfireball.markdown; path = ConditionalStatements.md; sourceTree = "<group>"; };
		C0A45263217BA95F0007EF89 /* StringLiterals.md */ = {isa = PBXFileReference; lastKnownFileType = net.daringfireball.markdown; path = StringLiterals.md; sourceTree = "<group>"; };
		C0A45265217BAB780007EF89 /* StringMutability.md */ = {isa = PBXFileReference; lastKnownFileType = net.daringfireball.markdown; path = StringMutability.md; sourceTree = "<group>"; };
		C0A45267217BABF30007EF89 /* InitializingAnEmptyString.md */ = {isa = PBXFileReference; lastKnownFileType = net.daringfireball.markdown; path = InitializingAnEmptyString.md; sourceTree = "<group>"; };
		C0A45269217BACA40007EF89 /* StringsAreValueTypes.md */ = {isa = PBXFileReference; lastKnownFileType = net.daringfireball.markdown; path = StringsAreValueTypes.md; sourceTree = "<group>"; };
		C0A4526B217BAD5C0007EF89 /* WorkingWithCharacters.md */ = {isa = PBXFileReference; lastKnownFileType = net.daringfireball.markdown; path = WorkingWithCharacters.md; sourceTree = "<group>"; };
		C0A4526D217BAE0D0007EF89 /* ConcatenatingStringsAndCharacters.md */ = {isa = PBXFileReference; lastKnownFileType = net.daringfireball.markdown; path = ConcatenatingStringsAndCharacters.md; sourceTree = "<group>"; };
		C0A4526F217BAF6E0007EF89 /* StringInterpolation.md */ = {isa = PBXFileReference; lastKnownFileType = net.daringfireball.markdown; path = StringInterpolation.md; sourceTree = "<group>"; };
		C0ADF361216E774E00B6B0F8 /* HelloWorld.md */ = {isa = PBXFileReference; lastKnownFileType = net.daringfireball.markdown; path = HelloWorld.md; sourceTree = "<group>"; };
		C0C10E7D2180EB170071E66E /* patterns_tutorials.json */ = {isa = PBXFileReference; lastKnownFileType = text.json; path = patterns_tutorials.json; sourceTree = "<group>"; };
		C0C10E7F2180EC2E0071E66E /* libraries_tutorials.json */ = {isa = PBXFileReference; lastKnownFileType = text.json; path = libraries_tutorials.json; sourceTree = "<group>"; };
		C0C10E832180ECDA0071E66E /* other_tutorials.json */ = {isa = PBXFileReference; lastKnownFileType = text.json; path = other_tutorials.json; sourceTree = "<group>"; };
		C0C824EC21620DC700D8076F /* SwiftGuideApp.app */ = {isa = PBXFileReference; explicitFileType = wrapper.application; includeInIndex = 0; path = SwiftGuideApp.app; sourceTree = BUILT_PRODUCTS_DIR; };
		C0C824EF21620DC700D8076F /* AppDelegate.swift */ = {isa = PBXFileReference; lastKnownFileType = sourcecode.swift; path = AppDelegate.swift; sourceTree = "<group>"; };
		C0C824F421620DC700D8076F /* Base */ = {isa = PBXFileReference; lastKnownFileType = file.storyboard; name = Base; path = Base.lproj/Main.storyboard; sourceTree = "<group>"; };
		C0C824F621620DC800D8076F /* Assets.xcassets */ = {isa = PBXFileReference; lastKnownFileType = folder.assetcatalog; path = Assets.xcassets; sourceTree = "<group>"; };
		C0C824F921620DC800D8076F /* Base */ = {isa = PBXFileReference; lastKnownFileType = file.storyboard; name = Base; path = Base.lproj/LaunchScreen.storyboard; sourceTree = "<group>"; };
		C0C824FB21620DC800D8076F /* Info.plist */ = {isa = PBXFileReference; lastKnownFileType = text.plist.xml; path = Info.plist; sourceTree = "<group>"; };
		C0D640FD21765B5200E7E4F0 /* Tuples.md */ = {isa = PBXFileReference; lastKnownFileType = net.daringfireball.markdown; path = Tuples.md; sourceTree = "<group>"; };
		C0D6B555217A1353004B6B4A /* AssignmentOperator.md */ = {isa = PBXFileReference; lastKnownFileType = net.daringfireball.markdown; path = AssignmentOperator.md; sourceTree = "<group>"; };
		C0D96E73219F52230070394B /* CapturingValues.md */ = {isa = PBXFileReference; fileEncoding = 4; lastKnownFileType = net.daringfireball.markdown; path = CapturingValues.md; sourceTree = "<group>"; };
		C0D96E75219F522C0070394B /* TrailingClosures.md */ = {isa = PBXFileReference; fileEncoding = 4; lastKnownFileType = net.daringfireball.markdown; path = TrailingClosures.md; sourceTree = "<group>"; };
		C0D96E77219F52580070394B /* ClosuresAreReferenceTypes.md */ = {isa = PBXFileReference; lastKnownFileType = net.daringfireball.markdown; path = ClosuresAreReferenceTypes.md; sourceTree = "<group>"; };
		C0D96E79219F52D50070394B /* EscapingClosures.md */ = {isa = PBXFileReference; lastKnownFileType = net.daringfireball.markdown; path = EscapingClosures.md; sourceTree = "<group>"; };
		C0D96E7B219F53110070394B /* Autoclosures.md */ = {isa = PBXFileReference; lastKnownFileType = net.daringfireball.markdown; path = Autoclosures.md; sourceTree = "<group>"; };
		C0D96E7E219F53720070394B /* Enumerations.md */ = {isa = PBXFileReference; lastKnownFileType = net.daringfireball.markdown; path = Enumerations.md; sourceTree = "<group>"; };
		C0D96E7F21A0A5480070394B /* EnumberationSyntax.md */ = {isa = PBXFileReference; lastKnownFileType = net.daringfireball.markdown; path = EnumberationSyntax.md; sourceTree = "<group>"; };
		C0D96E8121A0A58D0070394B /* MatchingEnumeration.md */ = {isa = PBXFileReference; lastKnownFileType = net.daringfireball.markdown; path = MatchingEnumeration.md; sourceTree = "<group>"; };
		C0D96E8321A0A6270070394B /* IteratingOverEnumerationCases.md */ = {isa = PBXFileReference; lastKnownFileType = net.daringfireball.markdown; path = IteratingOverEnumerationCases.md; sourceTree = "<group>"; };
		C0D96E8521A0A6740070394B /* AssociatedValues.md */ = {isa = PBXFileReference; lastKnownFileType = net.daringfireball.markdown; path = AssociatedValues.md; sourceTree = "<group>"; };
		C0D96E8721A0A6B20070394B /* RawValues.md */ = {isa = PBXFileReference; lastKnownFileType = net.daringfireball.markdown; path = RawValues.md; sourceTree = "<group>"; };
		C0D96E8921A8906E0070394B /* RecursiveEnumerations.md */ = {isa = PBXFileReference; lastKnownFileType = net.daringfireball.markdown; path = RecursiveEnumerations.md; sourceTree = "<group>"; };
		C0D96E8C21A890C30070394B /* StructuresAndClasses.md */ = {isa = PBXFileReference; lastKnownFileType = net.daringfireball.markdown; path = StructuresAndClasses.md; sourceTree = "<group>"; };
		C0D96E8E21A891020070394B /* ComparingStructuresAndClasses.md */ = {isa = PBXFileReference; lastKnownFileType = net.daringfireball.markdown; path = ComparingStructuresAndClasses.md; sourceTree = "<group>"; };
		C0D96E9021A8914E0070394B /* StructuresAndEnumerationsAreValuesTypes.md */ = {isa = PBXFileReference; lastKnownFileType = net.daringfireball.markdown; path = StructuresAndEnumerationsAreValuesTypes.md; sourceTree = "<group>"; };
		C0D96E9221A891A40070394B /* ClassesAreReferenceTypes.md */ = {isa = PBXFileReference; lastKnownFileType = net.daringfireball.markdown; path = ClassesAreReferenceTypes.md; sourceTree = "<group>"; };
		C0D96E9521A892000070394B /* Properties.md */ = {isa = PBXFileReference; lastKnownFileType = net.daringfireball.markdown; path = Properties.md; sourceTree = "<group>"; };
		C0D96E9621A892290070394B /* StoredProperties.md */ = {isa = PBXFileReference; lastKnownFileType = net.daringfireball.markdown; path = StoredProperties.md; sourceTree = "<group>"; };
		C0D96E9721A9E41B0070394B /* ComputedProperties.md */ = {isa = PBXFileReference; lastKnownFileType = net.daringfireball.markdown; path = ComputedProperties.md; sourceTree = "<group>"; };
		C0D96E9821A9E4600070394B /* PropertyObservers.md */ = {isa = PBXFileReference; lastKnownFileType = net.daringfireball.markdown; path = PropertyObservers.md; sourceTree = "<group>"; };
		C0D96E9A21A9E4930070394B /* GlobalAndLocalVariables.md */ = {isa = PBXFileReference; lastKnownFileType = net.daringfireball.markdown; path = GlobalAndLocalVariables.md; sourceTree = "<group>"; };
		C0D96E9B21A9E4C60070394B /* TypeProperties.md */ = {isa = PBXFileReference; lastKnownFileType = net.daringfireball.markdown; path = TypeProperties.md; sourceTree = "<group>"; };
		C0D96E9D21A9E51C0070394B /* Methods.md */ = {isa = PBXFileReference; lastKnownFileType = net.daringfireball.markdown; path = Methods.md; sourceTree = "<group>"; };
		C0D96E9F21A9E5420070394B /* InstanceMethods.md */ = {isa = PBXFileReference; lastKnownFileType = net.daringfireball.markdown; path = InstanceMethods.md; sourceTree = "<group>"; };
		C0D96EA421FD8BD80070394B /* TypeMethods.md */ = {isa = PBXFileReference; lastKnownFileType = net.daringfireball.markdown; path = TypeMethods.md; sourceTree = "<group>"; };
		C0D96EA721FD8BD80070394B /* Subscripts.md */ = {isa = PBXFileReference; lastKnownFileType = net.daringfireball.markdown; path = Subscripts.md; sourceTree = "<group>"; };
		C0D96EA821FD8BD80070394B /* SubscriptSyntax.md */ = {isa = PBXFileReference; lastKnownFileType = net.daringfireball.markdown; path = SubscriptSyntax.md; sourceTree = "<group>"; };
		C0D96EA921FD8BD80070394B /* SubscriptUsage.md */ = {isa = PBXFileReference; lastKnownFileType = net.daringfireball.markdown; path = SubscriptUsage.md; sourceTree = "<group>"; };
		C0D96EAA21FD8BD80070394B /* SubscriptOptions.md */ = {isa = PBXFileReference; lastKnownFileType = net.daringfireball.markdown; path = SubscriptOptions.md; sourceTree = "<group>"; };
		C0D96EAC21FD8BD80070394B /* Inheritance.md */ = {isa = PBXFileReference; lastKnownFileType = net.daringfireball.markdown; path = Inheritance.md; sourceTree = "<group>"; };
		C0D96EAD21FD8BD80070394B /* DefiningBaseClass.md */ = {isa = PBXFileReference; lastKnownFileType = net.daringfireball.markdown; path = DefiningBaseClass.md; sourceTree = "<group>"; };
		C0D96EAE21FD8BD80070394B /* Subclassing.md */ = {isa = PBXFileReference; lastKnownFileType = net.daringfireball.markdown; path = Subclassing.md; sourceTree = "<group>"; };
		C0D96EAF21FD8BD80070394B /* Overriding.md */ = {isa = PBXFileReference; lastKnownFileType = net.daringfireball.markdown; path = Overriding.md; sourceTree = "<group>"; };
		C0D96EB021FD8BD80070394B /* PreventingOverrides.md */ = {isa = PBXFileReference; lastKnownFileType = net.daringfireball.markdown; path = PreventingOverrides.md; sourceTree = "<group>"; };
		C0D96EB221FD8BD80070394B /* Initialization.md */ = {isa = PBXFileReference; lastKnownFileType = net.daringfireball.markdown; path = Initialization.md; sourceTree = "<group>"; };
		C0D96EB321FD8BD80070394B /* SettingInitialValues.md */ = {isa = PBXFileReference; lastKnownFileType = net.daringfireball.markdown; path = SettingInitialValues.md; sourceTree = "<group>"; };
		C0D96EB421FD8BD80070394B /* CustomizingInitialization.md */ = {isa = PBXFileReference; lastKnownFileType = net.daringfireball.markdown; path = CustomizingInitialization.md; sourceTree = "<group>"; };
		C0D96EB521FD8BD80070394B /* DefaultInitializers.md */ = {isa = PBXFileReference; lastKnownFileType = net.daringfireball.markdown; path = DefaultInitializers.md; sourceTree = "<group>"; };
		C0D96EB621FD8BD80070394B /* InitializerDelegationForValueTypes.md */ = {isa = PBXFileReference; lastKnownFileType = net.daringfireball.markdown; path = InitializerDelegationForValueTypes.md; sourceTree = "<group>"; };
		C0D96EB721FD8BD80070394B /* ClassInheritanceAndInitialization.md */ = {isa = PBXFileReference; lastKnownFileType = net.daringfireball.markdown; path = ClassInheritanceAndInitialization.md; sourceTree = "<group>"; };
		C0D96EB821FD8BD80070394B /* FailableInitializers.md */ = {isa = PBXFileReference; lastKnownFileType = net.daringfireball.markdown; path = FailableInitializers.md; sourceTree = "<group>"; };
		C0D96EB921FD8BD80070394B /* RequiredInitializers.md */ = {isa = PBXFileReference; lastKnownFileType = net.daringfireball.markdown; path = RequiredInitializers.md; sourceTree = "<group>"; };
		C0D96EBA21FD8BD80070394B /* SettingDefaultValueWithClosureFunction.md */ = {isa = PBXFileReference; lastKnownFileType = net.daringfireball.markdown; path = SettingDefaultValueWithClosureFunction.md; sourceTree = "<group>"; };
		C0D96EBC21FD8BD80070394B /* Deinitialization.md */ = {isa = PBXFileReference; lastKnownFileType = net.daringfireball.markdown; path = Deinitialization.md; sourceTree = "<group>"; };
		C0D96EBD21FD8BD80070394B /* HowDeinitializationWorks.md */ = {isa = PBXFileReference; lastKnownFileType = net.daringfireball.markdown; path = HowDeinitializationWorks.md; sourceTree = "<group>"; };
		C0D96EBE21FD8BD80070394B /* DeinitializersInAction.md */ = {isa = PBXFileReference; lastKnownFileType = net.daringfireball.markdown; path = DeinitializersInAction.md; sourceTree = "<group>"; };
		C0D96EC021FD8BD80070394B /* OptionalChaining.md */ = {isa = PBXFileReference; lastKnownFileType = net.daringfireball.markdown; path = OptionalChaining.md; sourceTree = "<group>"; };
		C0D96EC121FD8BD80070394B /* OptionalChainingAsAlternativeForcedUnwrapping.md */ = {isa = PBXFileReference; lastKnownFileType = net.daringfireball.markdown; path = OptionalChainingAsAlternativeForcedUnwrapping.md; sourceTree = "<group>"; };
		C0D96EC221FD8BD80070394B /* DefiningModelClassesForOptionalChaining.md */ = {isa = PBXFileReference; lastKnownFileType = net.daringfireball.markdown; path = DefiningModelClassesForOptionalChaining.md; sourceTree = "<group>"; };
		C0D96EC321FD8BD80070394B /* AccessingPropertiesThroughOptionalChaining.md */ = {isa = PBXFileReference; lastKnownFileType = net.daringfireball.markdown; path = AccessingPropertiesThroughOptionalChaining.md; sourceTree = "<group>"; };
		C0D96EC421FD8BD80070394B /* CallingMethodsThroughOptionalChaining.md */ = {isa = PBXFileReference; lastKnownFileType = net.daringfireball.markdown; path = CallingMethodsThroughOptionalChaining.md; sourceTree = "<group>"; };
		C0D96EC521FD8BD80070394B /* AccessingSubscriptThroughOptionalChaining.md */ = {isa = PBXFileReference; lastKnownFileType = net.daringfireball.markdown; path = AccessingSubscriptThroughOptionalChaining.md; sourceTree = "<group>"; };
		C0D96EC621FD8BD80070394B /* LinkingMultipleLevelsOfChaining.md */ = {isa = PBXFileReference; lastKnownFileType = net.daringfireball.markdown; path = LinkingMultipleLevelsOfChaining.md; sourceTree = "<group>"; };
		C0D96EC721FD8BD80070394B /* ChainingOnMethodsWithOptionalReturnValues.md */ = {isa = PBXFileReference; lastKnownFileType = net.daringfireball.markdown; path = ChainingOnMethodsWithOptionalReturnValues.md; sourceTree = "<group>"; };
		C0D96EC921FD8BD80070394B /* ErrorHandling.md */ = {isa = PBXFileReference; lastKnownFileType = net.daringfireball.markdown; path = ErrorHandling.md; sourceTree = "<group>"; };
		C0D96ECA21FD8BD80070394B /* RepresentingAndThrowingErrors.md */ = {isa = PBXFileReference; lastKnownFileType = net.daringfireball.markdown; path = RepresentingAndThrowingErrors.md; sourceTree = "<group>"; };
		C0D96ECB21FD8BD80070394B /* HandlingErrors.md */ = {isa = PBXFileReference; lastKnownFileType = net.daringfireball.markdown; path = HandlingErrors.md; sourceTree = "<group>"; };
		C0D96ECC21FD8BD80070394B /* SpecifyingCleanupActions.md */ = {isa = PBXFileReference; lastKnownFileType = net.daringfireball.markdown; path = SpecifyingCleanupActions.md; sourceTree = "<group>"; };
		C0D96ECE21FD8BD80070394B /* TypeCasting.md */ = {isa = PBXFileReference; lastKnownFileType = net.daringfireball.markdown; path = TypeCasting.md; sourceTree = "<group>"; };
		C0D96ECF21FD8BD80070394B /* DefiningClassHierarchyTypeCasting.md */ = {isa = PBXFileReference; lastKnownFileType = net.daringfireball.markdown; path = DefiningClassHierarchyTypeCasting.md; sourceTree = "<group>"; };
		C0D96ED021FD8BD80070394B /* CheckingType.md */ = {isa = PBXFileReference; lastKnownFileType = net.daringfireball.markdown; path = CheckingType.md; sourceTree = "<group>"; };
		C0D96ED121FD8BD80070394B /* Downcasting.md */ = {isa = PBXFileReference; lastKnownFileType = net.daringfireball.markdown; path = Downcasting.md; sourceTree = "<group>"; };
		C0D96ED221FD8BD80070394B /* TypeCastingForAnyAndAnyObject.md */ = {isa = PBXFileReference; lastKnownFileType = net.daringfireball.markdown; path = TypeCastingForAnyAndAnyObject.md; sourceTree = "<group>"; };
		C0D96ED421FD8BD80070394B /* NestedTypes.md */ = {isa = PBXFileReference; lastKnownFileType = net.daringfireball.markdown; path = NestedTypes.md; sourceTree = "<group>"; };
		C0D96ED521FD8BD80070394B /* NestedTypesInAction.md */ = {isa = PBXFileReference; lastKnownFileType = net.daringfireball.markdown; path = NestedTypesInAction.md; sourceTree = "<group>"; };
		C0D96ED621FD8BD80070394B /* ReferringToNestedTypes.md */ = {isa = PBXFileReference; lastKnownFileType = net.daringfireball.markdown; path = ReferringToNestedTypes.md; sourceTree = "<group>"; };
		C0D96ED821FD8BD80070394B /* Extensions.md */ = {isa = PBXFileReference; lastKnownFileType = net.daringfireball.markdown; path = Extensions.md; sourceTree = "<group>"; };
		C0D96ED921FD8BD80070394B /* ExtensionSyntax.md */ = {isa = PBXFileReference; lastKnownFileType = net.daringfireball.markdown; path = ExtensionSyntax.md; sourceTree = "<group>"; };
		C0D96EDA21FD8BD80070394B /* ComputedProperties.md */ = {isa = PBXFileReference; lastKnownFileType = net.daringfireball.markdown; path = ComputedProperties.md; sourceTree = "<group>"; };
		C0D96EDB21FD8BD80070394B /* Initializers.md */ = {isa = PBXFileReference; lastKnownFileType = net.daringfireball.markdown; path = Initializers.md; sourceTree = "<group>"; };
		C0D96EDC21FD8BD80070394B /* Methods.md */ = {isa = PBXFileReference; lastKnownFileType = net.daringfireball.markdown; path = Methods.md; sourceTree = "<group>"; };
		C0D96EDD21FD8BD80070394B /* Subscripts.md */ = {isa = PBXFileReference; lastKnownFileType = net.daringfireball.markdown; path = Subscripts.md; sourceTree = "<group>"; };
		C0D96EDE21FD8BD80070394B /* NestedTypes.md */ = {isa = PBXFileReference; lastKnownFileType = net.daringfireball.markdown; path = NestedTypes.md; sourceTree = "<group>"; };
		C0D96EE021FD8BD80070394B /* Protocols.md */ = {isa = PBXFileReference; lastKnownFileType = net.daringfireball.markdown; path = Protocols.md; sourceTree = "<group>"; };
		C0D96EE221FD8BD80070394B /* ProtocolSyntax.md */ = {isa = PBXFileReference; lastKnownFileType = net.daringfireball.markdown; path = ProtocolSyntax.md; sourceTree = "<group>"; };
		C0D96EE321FD8BD80070394B /* PropertyRequirements.md */ = {isa = PBXFileReference; lastKnownFileType = net.daringfireball.markdown; path = PropertyRequirements.md; sourceTree = "<group>"; };
		C0D96EE421FD8BD80070394B /* MethodRequirements.md */ = {isa = PBXFileReference; lastKnownFileType = net.daringfireball.markdown; path = MethodRequirements.md; sourceTree = "<group>"; };
		C0D96EE521FD8BD80070394B /* MutatingMethodRequirements.md */ = {isa = PBXFileReference; lastKnownFileType = net.daringfireball.markdown; path = MutatingMethodRequirements.md; sourceTree = "<group>"; };
		C0D96EE621FD8BD80070394B /* InitializerRequirements.md */ = {isa = PBXFileReference; lastKnownFileType = net.daringfireball.markdown; path = InitializerRequirements.md; sourceTree = "<group>"; };
		C0D96EE721FD8BD80070394B /* ProtocolsAsTypes.md */ = {isa = PBXFileReference; lastKnownFileType = net.daringfireball.markdown; path = ProtocolsAsTypes.md; sourceTree = "<group>"; };
		C0D96EE821FD8BD80070394B /* Delegation.md */ = {isa = PBXFileReference; lastKnownFileType = net.daringfireball.markdown; path = Delegation.md; sourceTree = "<group>"; };
		C0D96EE921FD8BD80070394B /* AddingProtocolConformanceWithExtension.md */ = {isa = PBXFileReference; lastKnownFileType = net.daringfireball.markdown; path = AddingProtocolConformanceWithExtension.md; sourceTree = "<group>"; };
		C0D96EEA21FD8BD80070394B /* ProtocolInheritance.md */ = {isa = PBXFileReference; lastKnownFileType = net.daringfireball.markdown; path = ProtocolInheritance.md; sourceTree = "<group>"; };
		C0D96EEB21FD8BD80070394B /* ClassOnlyProtocols.md */ = {isa = PBXFileReference; lastKnownFileType = net.daringfireball.markdown; path = ClassOnlyProtocols.md; sourceTree = "<group>"; };
		C0D96EEC21FD8BD80070394B /* ProtocolComposition.md */ = {isa = PBXFileReference; lastKnownFileType = net.daringfireball.markdown; path = ProtocolComposition.md; sourceTree = "<group>"; };
		C0D96EED21FD8BD80070394B /* CheckingForProtocolConformance.md */ = {isa = PBXFileReference; lastKnownFileType = net.daringfireball.markdown; path = CheckingForProtocolConformance.md; sourceTree = "<group>"; };
		C0D96EEE21FD8BD80070394B /* OptionalProtocolRequirements.md */ = {isa = PBXFileReference; lastKnownFileType = net.daringfireball.markdown; path = OptionalProtocolRequirements.md; sourceTree = "<group>"; };
		C0D96EEF21FD8BD80070394B /* ProtocolExtensions.md */ = {isa = PBXFileReference; lastKnownFileType = net.daringfireball.markdown; path = ProtocolExtensions.md; sourceTree = "<group>"; };
		C0D96EF021FE13010070394B /* Generics.md */ = {isa = PBXFileReference; lastKnownFileType = net.daringfireball.markdown; path = Generics.md; sourceTree = "<group>"; };
		C0D96EF221FE13470070394B /* TheProblemThatGenericsSolve.md */ = {isa = PBXFileReference; lastKnownFileType = net.daringfireball.markdown; path = TheProblemThatGenericsSolve.md; sourceTree = "<group>"; };
		C0E208C9218A21E500B6C377 /* WhileLoops.md */ = {isa = PBXFileReference; lastKnownFileType = net.daringfireball.markdown; path = WhileLoops.md; sourceTree = "<group>"; };
		C0EDDC03216B31480098BBE8 /* SwiftTutorials.swift */ = {isa = PBXFileReference; lastKnownFileType = sourcecode.swift; path = SwiftTutorials.swift; sourceTree = "<group>"; };
		C0EDDC05216B31550098BBE8 /* PatternsTutorials.swift */ = {isa = PBXFileReference; lastKnownFileType = sourcecode.swift; path = PatternsTutorials.swift; sourceTree = "<group>"; };
		C0EDDC07216B316E0098BBE8 /* LibrariesTutorials.swift */ = {isa = PBXFileReference; lastKnownFileType = sourcecode.swift; path = LibrariesTutorials.swift; sourceTree = "<group>"; };
		C0EDDC09216B317F0098BBE8 /* OtherTutorials.swift */ = {isa = PBXFileReference; lastKnownFileType = sourcecode.swift; path = OtherTutorials.swift; sourceTree = "<group>"; };
		C0EDDC0F216B84660098BBE8 /* RxSwift.md */ = {isa = PBXFileReference; lastKnownFileType = net.daringfireball.markdown; path = RxSwift.md; sourceTree = "<group>"; };
		C0F556E02183938700F6EE09 /* SectionManager.swift */ = {isa = PBXFileReference; lastKnownFileType = sourcecode.swift; path = SectionManager.swift; sourceTree = "<group>"; };
		F8C754677A388BE7445D0B07 /* Pods-SwiftGuideApp.release.xcconfig */ = {isa = PBXFileReference; includeInIndex = 1; lastKnownFileType = text.xcconfig; name = "Pods-SwiftGuideApp.release.xcconfig"; path = "Pods/Target Support Files/Pods-SwiftGuideApp/Pods-SwiftGuideApp.release.xcconfig"; sourceTree = "<group>"; };
/* End PBXFileReference section */

/* Begin PBXFrameworksBuildPhase section */
		C0C824E921620DC700D8076F /* Frameworks */ = {
			isa = PBXFrameworksBuildPhase;
			buildActionMask = 2147483647;
			files = (
				95C6169FD035BCDB2C3B1CC1 /* Pods_SwiftGuideApp.framework in Frameworks */,
			);
			runOnlyForDeploymentPostprocessing = 0;
		};
/* End PBXFrameworksBuildPhase section */

/* Begin PBXGroup section */
		77AAAB4BEEE1E2FDBD49330E /* Pods */ = {
			isa = PBXGroup;
			children = (
				7D3F85B1B3A5AFCCDBFEC662 /* Pods-SwiftGuideApp.debug.xcconfig */,
				F8C754677A388BE7445D0B07 /* Pods-SwiftGuideApp.release.xcconfig */,
			);
			name = Pods;
			sourceTree = "<group>";
		};
		B3A31AF1BA903D8463F65882 /* Frameworks */ = {
			isa = PBXGroup;
			children = (
				6DAE841CFEB8B5D49417106C /* Pods_SwiftGuideApp.framework */,
			);
			name = Frameworks;
			sourceTree = "<group>";
		};
		C0067029217F9BA600D2001B /* CollectionTypes */ = {
			isa = PBXGroup;
			children = (
				C006702A217F9BE800D2001B /* CollectionTypes.md */,
				C056CA252180F6FF00D48020 /* MutabilityOfCollections.md */,
				C056CA272180F77400D48020 /* Arrays.md */,
				C0256EB121862ECC0055DD4D /* Sets.md */,
				C01C4EEC2187672B0041B1EF /* PerformingSetOperations.md */,
				C01C4EEE2187696D0041B1EF /* Dictionaries.md */,
			);
			path = CollectionTypes;
			sourceTree = "<group>";
		};
		C01D7BB92173A9ED000208CC /* Welcome */ = {
			isa = PBXGroup;
			children = (
				C06161CD216CA5A7000D3D89 /* AboutSwift.md */,
				C054D87F21665B7F00FFA52D /* Variables.md */,
				C05326AB216DC38300839BDE /* VersionSwift.md */,
				C0ADF361216E774E00B6B0F8 /* HelloWorld.md */,
				C06A9975216FC45D00836925 /* ControlFlow.md */,
				C09E6A2E2170CB8D009A0130 /* FunctionsAndClosures.md */,
				C09E6A302170CF02009A0130 /* ObjectsAndClasses.md */,
				C09E6A322170D25D009A0130 /* EnumerationsAndStructures.md */,
				C09E6A342170D750009A0130 /* ProtocolsAndExtensions.md */,
				C06CB43A21712BE100C147B9 /* ErrorHandling.md */,
				C06CB43C2171BEFC00C147B9 /* Generics.md */,
			);
			path = Welcome;
			sourceTree = "<group>";
		};
		C01D7BBA2173AA08000208CC /* Basic */ = {
			isa = PBXGroup;
			children = (
				C01D7BBB2173AC8E000208CC /* ConstantsAndVariables.md */,
				C0141F562174B9550093BF56 /* Comments.md */,
				C0141F582174BA650093BF56 /* Integers.md */,
				C0141F5A2174BC030093BF56 /* FloatingPointNumbers.md */,
				C0141F5D2174BDEE0093BF56 /* TypeSafetyAndTypeInference.md */,
				C0141F5F2174BEA00093BF56 /* NumericLiterals.md */,
				C0141F612174C1AD0093BF56 /* NumericTypeConversion.md */,
				C0141F632174C3660093BF56 /* TypeAliases.md */,
				C05BA3F621750E5400C4A8E2 /* Booleans.md */,
				C0D640FD21765B5200E7E4F0 /* Tuples.md */,
				C08F3A4F2177769100CAA89D /* Optionals.md */,
				C08F3A532177B60A00CAA89D /* ErrorHandlingBasic.md */,
				C09B0DCB2178D8B400F5DE5F /* AssertionsAndPreconditions.md */,
			);
			path = Basic;
			sourceTree = "<group>";
		};
		C01D88852163A3B200F0F317 /* Markdown */ = {
			isa = PBXGroup;
			children = (
				C000DD4C2180A26B009C2D04 /* swift_tutorials.json */,
				C0C10E7D2180EB170071E66E /* patterns_tutorials.json */,
				C0C10E7F2180EC2E0071E66E /* libraries_tutorials.json */,
				C0C10E832180ECDA0071E66E /* other_tutorials.json */,
				C08A628A2182D95000CF77FA /* FileNotFound.md */,
				C0EDDC0B216B840C0098BBE8 /* Swift */,
				C0EDDC0C216B84190098BBE8 /* Patterns */,
				C0EDDC0D216B84240098BBE8 /* Libraries */,
				C0EDDC0E216B842D0098BBE8 /* Other */,
			);
			path = Markdown;
			sourceTree = "<group>";
		};
		C02F384821988B38005AA272 /* Functions */ = {
			isa = PBXGroup;
			children = (
				C02F384921988B38005AA272 /* Functions.md */,
				C02F384B21988B38005AA272 /* DefiningAndCallingFunctions.md */,
				C02F384D21988B38005AA272 /* FunctionParametersAndReturnValues.md */,
				C02F384F21988B38005AA272 /* FunctionArgumentLabelsAndParameterNames.md */,
				C02F385121988B38005AA272 /* FunctionTypes.md */,
				C02F385321988B38005AA272 /* NestedFunctions.md */,
			);
			path = Functions;
			sourceTree = "<group>";
		};
		C02F385521988B38005AA272 /* Closures */ = {
			isa = PBXGroup;
			children = (
				C02F385621988B38005AA272 /* Closures.md */,
				C02F38582198957B005AA272 /* ClosureExpressions.md */,
				C0D96E75219F522C0070394B /* TrailingClosures.md */,
				C0D96E73219F52230070394B /* CapturingValues.md */,
				C0D96E77219F52580070394B /* ClosuresAreReferenceTypes.md */,
				C0D96E79219F52D50070394B /* EscapingClosures.md */,
				C0D96E7B219F53110070394B /* Autoclosures.md */,
			);
			path = Closures;
			sourceTree = "<group>";
		};
		C0325DD42188D5D700777AE3 /* ControlFlow */ = {
			isa = PBXGroup;
			children = (
				C02F384621988B38005AA272 /* CheckingAPIAvailability.md */,
				C02F3841219887B9005AA272 /* ControlTransferStatements.md */,
				C02F3842219887B9005AA272 /* EarlyExit.md */,
				C0325DD22188D59C00777AE3 /* ControlFlowAbout.md */,
				C0325DD52188D69700777AE3 /* ForInLoops.md */,
				C0E208C9218A21E500B6C377 /* WhileLoops.md */,
				C09F914C218B814E006AAA07 /* ConditionalStatements.md */,
			);
			path = ControlFlow;
			sourceTree = "<group>";
		};
		C04A698E217A5FA000FF2C03 /* StringsAndCharacters */ = {
			isa = PBXGroup;
			children = (
				C04A698F217A5FF100FF2C03 /* StringsAndCharacters.md */,
				C0A45263217BA95F0007EF89 /* StringLiterals.md */,
				C0A45267217BABF30007EF89 /* InitializingAnEmptyString.md */,
				C0A45265217BAB780007EF89 /* StringMutability.md */,
				C0A45269217BACA40007EF89 /* StringsAreValueTypes.md */,
				C0A4526B217BAD5C0007EF89 /* WorkingWithCharacters.md */,
				C0A4526D217BAE0D0007EF89 /* ConcatenatingStringsAndCharacters.md */,
				C0A4526F217BAF6E0007EF89 /* StringInterpolation.md */,
				C099EA0B217CFCE3000F304A /* Unicode.md */,
				C099EA0D217CFE7B000F304A /* CountingCharacters.md */,
				C099EA0F217D0282000F304A /* AccessingAndModifyingString.md */,
				C099EA11217D05D6000F304A /* Substrings.md */,
				C099EA13217D091B000F304A /* ComparingStrings.md */,
				C099EA15217D0C14000F304A /* UnicodeRepresentationsOfStrings.md */,
			);
			path = StringsAndCharacters;
			sourceTree = "<group>";
		};
		C05D3EF221629F5C00BD0268 /* Model */ = {
			isa = PBXGroup;
			children = (
				C01D888F2163D53500F0F317 /* Tutorial.swift */,
				C08A628821823A7800CF77FA /* SectionTutorials.swift */,
				C0EDDC03216B31480098BBE8 /* SwiftTutorials.swift */,
				C0EDDC05216B31550098BBE8 /* PatternsTutorials.swift */,
				C0EDDC07216B316E0098BBE8 /* LibrariesTutorials.swift */,
				C0EDDC09216B317F0098BBE8 /* OtherTutorials.swift */,
			);
			path = Model;
			sourceTree = "<group>";
		};
		C05D3EF52162A0B800BD0268 /* ViewController */ = {
			isa = PBXGroup;
			children = (
				C05D3EEE2162935F00BD0268 /* SwiftViewController.swift */,
				C017FE6D216A82B800FA116D /* PatternsViewController.swift */,
				C017FE6F216A831700FA116D /* LibrariesViewController.swift */,
				C017FE71216A833200FA116D /* OtherViewController.swift */,
				C01D88882163A63600F0F317 /* TutorialViewController.swift */,
			);
			path = ViewController;
			sourceTree = "<group>";
		};
		C05D3EFA2163283900BD0268 /* View */ = {
			isa = PBXGroup;
			children = (
				C05D3EFB216328BE00BD0268 /* CategoryRow.swift */,
				C05D3EFD2163306B00BD0268 /* TopicCell.swift */,
			);
			path = View;
			sourceTree = "<group>";
		};
		C08A62832182303900CF77FA /* Manager */ = {
			isa = PBXGroup;
			children = (
				C08A62862182364500CF77FA /* TutorialManager.swift */,
				C0F556E02183938700F6EE09 /* SectionManager.swift */,
			);
			path = Manager;
			sourceTree = "<group>";
		};
		C09B0DCD2179020400F5DE5F /* BasicOperators */ = {
			isa = PBXGroup;
			children = (
				C09B0DCE2179025000F5DE5F /* Operators.md */,
				C09B0DD0217909E800F5DE5F /* Terminology.md */,
				C0D6B555217A1353004B6B4A /* AssignmentOperator.md */,
				C04A6980217A54B100FF2C03 /* ArithmeticOperators.md */,
				C04A6982217A56F300FF2C03 /* CompoundAssignmentOperators.md */,
				C04A6984217A582900FF2C03 /* ComparsionOperators.md */,
				C04A6986217A5A2E00FF2C03 /* TernaryConditionalOperator.md */,
				C04A6988217A5B3A00FF2C03 /* NilCoalescingOperator.md */,
				C04A698A217A5CB000FF2C03 /* RangeOperators.md */,
				C04A698C217A5DED00FF2C03 /* LogicalOperators.md */,
			);
			path = BasicOperators;
			sourceTree = "<group>";
		};
		C0C824E321620DC700D8076F = {
			isa = PBXGroup;
			children = (
				C0C824EE21620DC700D8076F /* SwiftGuideApp */,
				C0C824ED21620DC700D8076F /* Products */,
				77AAAB4BEEE1E2FDBD49330E /* Pods */,
				B3A31AF1BA903D8463F65882 /* Frameworks */,
			);
			sourceTree = "<group>";
		};
		C0C824ED21620DC700D8076F /* Products */ = {
			isa = PBXGroup;
			children = (
				C0C824EC21620DC700D8076F /* SwiftGuideApp.app */,
			);
			name = Products;
			sourceTree = "<group>";
		};
		C0C824EE21620DC700D8076F /* SwiftGuideApp */ = {
			isa = PBXGroup;
			children = (
				C0C824F321620DC700D8076F /* Main.storyboard */,
				C08A62832182303900CF77FA /* Manager */,
				C05D3EF221629F5C00BD0268 /* Model */,
				C05D3EFA2163283900BD0268 /* View */,
				C05D3EF52162A0B800BD0268 /* ViewController */,
				C0C824EF21620DC700D8076F /* AppDelegate.swift */,
				C01D88852163A3B200F0F317 /* Markdown */,
				C0C824F621620DC800D8076F /* Assets.xcassets */,
				C0C824FB21620DC800D8076F /* Info.plist */,
				C0C824F821620DC800D8076F /* LaunchScreen.storyboard */,
			);
			path = SwiftGuideApp;
			sourceTree = "<group>";
		};
		C0D96E7D219F53560070394B /* Enumerations */ = {
			isa = PBXGroup;
			children = (
				C0D96E7E219F53720070394B /* Enumerations.md */,
				C0D96E7F21A0A5480070394B /* EnumberationSyntax.md */,
				C0D96E8121A0A58D0070394B /* MatchingEnumeration.md */,
				C0D96E8321A0A6270070394B /* IteratingOverEnumerationCases.md */,
				C0D96E8521A0A6740070394B /* AssociatedValues.md */,
				C0D96E8721A0A6B20070394B /* RawValues.md */,
				C0D96E8921A8906E0070394B /* RecursiveEnumerations.md */,
			);
			path = Enumerations;
			sourceTree = "<group>";
		};
		C0D96E8B21A8909C0070394B /* StructuresAndClasses */ = {
			isa = PBXGroup;
			children = (
				C0D96E8C21A890C30070394B /* StructuresAndClasses.md */,
				C0D96E8E21A891020070394B /* ComparingStructuresAndClasses.md */,
				C0D96E9021A8914E0070394B /* StructuresAndEnumerationsAreValuesTypes.md */,
				C0D96E9221A891A40070394B /* ClassesAreReferenceTypes.md */,
			);
			path = StructuresAndClasses;
			sourceTree = "<group>";
		};
		C0D96E9421A891E20070394B /* Properties */ = {
			isa = PBXGroup;
			children = (
				C0D96E9521A892000070394B /* Properties.md */,
				C0D96E9621A892290070394B /* StoredProperties.md */,
				C0D96E9721A9E41B0070394B /* ComputedProperties.md */,
				C0D96E9821A9E4600070394B /* PropertyObservers.md */,
				C0D96E9A21A9E4930070394B /* GlobalAndLocalVariables.md */,
				C0D96E9B21A9E4C60070394B /* TypeProperties.md */,
			);
			path = Properties;
			sourceTree = "<group>";
		};
		C0D96E9C21A9E5050070394B /* Methods */ = {
			isa = PBXGroup;
			children = (
				C0D96E9D21A9E51C0070394B /* Methods.md */,
				C0D96E9F21A9E5420070394B /* InstanceMethods.md */,
				C0D96EA421FD8BD80070394B /* TypeMethods.md */,
			);
			path = Methods;
			sourceTree = "<group>";
		};
		C0D96EA621FD8BD80070394B /* Subscripts */ = {
			isa = PBXGroup;
			children = (
				C0D96EA721FD8BD80070394B /* Subscripts.md */,
				C0D96EA821FD8BD80070394B /* SubscriptSyntax.md */,
				C0D96EA921FD8BD80070394B /* SubscriptUsage.md */,
				C0D96EAA21FD8BD80070394B /* SubscriptOptions.md */,
			);
			path = Subscripts;
			sourceTree = "<group>";
		};
		C0D96EAB21FD8BD80070394B /* Inheritance */ = {
			isa = PBXGroup;
			children = (
				C0D96EAC21FD8BD80070394B /* Inheritance.md */,
				C0D96EAD21FD8BD80070394B /* DefiningBaseClass.md */,
				C0D96EAE21FD8BD80070394B /* Subclassing.md */,
				C0D96EAF21FD8BD80070394B /* Overriding.md */,
				C0D96EB021FD8BD80070394B /* PreventingOverrides.md */,
			);
			path = Inheritance;
			sourceTree = "<group>";
		};
		C0D96EB121FD8BD80070394B /* Initialization */ = {
			isa = PBXGroup;
			children = (
				C0D96EB221FD8BD80070394B /* Initialization.md */,
				C0D96EB321FD8BD80070394B /* SettingInitialValues.md */,
				C0D96EB421FD8BD80070394B /* CustomizingInitialization.md */,
				C0D96EB521FD8BD80070394B /* DefaultInitializers.md */,
				C0D96EB621FD8BD80070394B /* InitializerDelegationForValueTypes.md */,
				C0D96EB721FD8BD80070394B /* ClassInheritanceAndInitialization.md */,
				C0D96EB821FD8BD80070394B /* FailableInitializers.md */,
				C0D96EB921FD8BD80070394B /* RequiredInitializers.md */,
				C0D96EBA21FD8BD80070394B /* SettingDefaultValueWithClosureFunction.md */,
			);
			path = Initialization;
			sourceTree = "<group>";
		};
		C0D96EBB21FD8BD80070394B /* Deinitialization */ = {
			isa = PBXGroup;
			children = (
				C0D96EBC21FD8BD80070394B /* Deinitialization.md */,
				C0D96EBD21FD8BD80070394B /* HowDeinitializationWorks.md */,
				C0D96EBE21FD8BD80070394B /* DeinitializersInAction.md */,
			);
			path = Deinitialization;
			sourceTree = "<group>";
		};
		C0D96EBF21FD8BD80070394B /* OptionalChaining */ = {
			isa = PBXGroup;
			children = (
				C0D96EC021FD8BD80070394B /* OptionalChaining.md */,
				C0D96EC121FD8BD80070394B /* OptionalChainingAsAlternativeForcedUnwrapping.md */,
				C0D96EC221FD8BD80070394B /* DefiningModelClassesForOptionalChaining.md */,
				C0D96EC321FD8BD80070394B /* AccessingPropertiesThroughOptionalChaining.md */,
				C0D96EC421FD8BD80070394B /* CallingMethodsThroughOptionalChaining.md */,
				C0D96EC521FD8BD80070394B /* AccessingSubscriptThroughOptionalChaining.md */,
				C0D96EC621FD8BD80070394B /* LinkingMultipleLevelsOfChaining.md */,
				C0D96EC721FD8BD80070394B /* ChainingOnMethodsWithOptionalReturnValues.md */,
			);
			path = OptionalChaining;
			sourceTree = "<group>";
		};
		C0D96EC821FD8BD80070394B /* ErrorHandling */ = {
			isa = PBXGroup;
			children = (
				C0D96EC921FD8BD80070394B /* ErrorHandling.md */,
				C0D96ECA21FD8BD80070394B /* RepresentingAndThrowingErrors.md */,
				C0D96ECB21FD8BD80070394B /* HandlingErrors.md */,
				C0D96ECC21FD8BD80070394B /* SpecifyingCleanupActions.md */,
			);
			path = ErrorHandling;
			sourceTree = "<group>";
		};
		C0D96ECD21FD8BD80070394B /* TypeCasting */ = {
			isa = PBXGroup;
			children = (
				C0D96ECE21FD8BD80070394B /* TypeCasting.md */,
				C0D96ECF21FD8BD80070394B /* DefiningClassHierarchyTypeCasting.md */,
				C0D96ED021FD8BD80070394B /* CheckingType.md */,
				C0D96ED121FD8BD80070394B /* Downcasting.md */,
				C0D96ED221FD8BD80070394B /* TypeCastingForAnyAndAnyObject.md */,
			);
			path = TypeCasting;
			sourceTree = "<group>";
		};
		C0D96ED321FD8BD80070394B /* NestedTypes */ = {
			isa = PBXGroup;
			children = (
				C0D96ED421FD8BD80070394B /* NestedTypes.md */,
				C0D96ED521FD8BD80070394B /* NestedTypesInAction.md */,
				C0D96ED621FD8BD80070394B /* ReferringToNestedTypes.md */,
			);
			path = NestedTypes;
			sourceTree = "<group>";
		};
		C0D96ED721FD8BD80070394B /* Extensions */ = {
			isa = PBXGroup;
			children = (
				C0D96ED821FD8BD80070394B /* Extensions.md */,
				C0D96ED921FD8BD80070394B /* ExtensionSyntax.md */,
				C0D96EDA21FD8BD80070394B /* ComputedProperties.md */,
				C0D96EDB21FD8BD80070394B /* Initializers.md */,
				C0D96EDC21FD8BD80070394B /* Methods.md */,
				C0D96EDD21FD8BD80070394B /* Subscripts.md */,
				C0D96EDE21FD8BD80070394B /* NestedTypes.md */,
			);
			path = Extensions;
			sourceTree = "<group>";
		};
		C0D96EDF21FD8BD80070394B /* Protocols */ = {
			isa = PBXGroup;
			children = (
				C0D96EE021FD8BD80070394B /* Protocols.md */,
				C0D96EE221FD8BD80070394B /* ProtocolSyntax.md */,
				C0D96EE321FD8BD80070394B /* PropertyRequirements.md */,
				C0D96EE421FD8BD80070394B /* MethodRequirements.md */,
				C0D96EE521FD8BD80070394B /* MutatingMethodRequirements.md */,
				C0D96EE621FD8BD80070394B /* InitializerRequirements.md */,
				C0D96EE721FD8BD80070394B /* ProtocolsAsTypes.md */,
				C0D96EE821FD8BD80070394B /* Delegation.md */,
				C0D96EE921FD8BD80070394B /* AddingProtocolConformanceWithExtension.md */,
				C0D96EEA21FD8BD80070394B /* ProtocolInheritance.md */,
				C0D96EEB21FD8BD80070394B /* ClassOnlyProtocols.md */,
				C0D96EEC21FD8BD80070394B /* ProtocolComposition.md */,
				C0D96EED21FD8BD80070394B /* CheckingForProtocolConformance.md */,
				C0D96EEE21FD8BD80070394B /* OptionalProtocolRequirements.md */,
				C0D96EEF21FD8BD80070394B /* ProtocolExtensions.md */,
			);
			path = Protocols;
			sourceTree = "<group>";
		};
		C0D96EF121FE13240070394B /* Generics */ = {
			isa = PBXGroup;
			children = (
				C0D96EF021FE13010070394B /* Generics.md */,
				C0D96EF221FE13470070394B /* TheProblemThatGenericsSolve.md */,
			);
			path = Generics;
			sourceTree = "<group>";
		};
		C0EDDC0B216B840C0098BBE8 /* Swift */ = {
			isa = PBXGroup;
			children = (
				C01D7BB92173A9ED000208CC /* Welcome */,
				C01D7BBA2173AA08000208CC /* Basic */,
				C09B0DCD2179020400F5DE5F /* BasicOperators */,
				C04A698E217A5FA000FF2C03 /* StringsAndCharacters */,
				C0067029217F9BA600D2001B /* CollectionTypes */,
				C0325DD42188D5D700777AE3 /* ControlFlow */,
				C02F384821988B38005AA272 /* Functions */,
				C02F385521988B38005AA272 /* Closures */,
				C0D96E7D219F53560070394B /* Enumerations */,
				C0D96E8B21A8909C0070394B /* StructuresAndClasses */,
				C0D96E9421A891E20070394B /* Properties */,
				C0D96E9C21A9E5050070394B /* Methods */,
				C0D96EA621FD8BD80070394B /* Subscripts */,
				C0D96EAB21FD8BD80070394B /* Inheritance */,
				C0D96EB121FD8BD80070394B /* Initialization */,
				C0D96EBB21FD8BD80070394B /* Deinitialization */,
				C0D96EBF21FD8BD80070394B /* OptionalChaining */,
				C0D96EC821FD8BD80070394B /* ErrorHandling */,
				C0D96ECD21FD8BD80070394B /* TypeCasting */,
				C0D96ED321FD8BD80070394B /* NestedTypes */,
				C0D96ED721FD8BD80070394B /* Extensions */,
				C0D96EDF21FD8BD80070394B /* Protocols */,
				C0D96EF121FE13240070394B /* Generics */,
			);
			path = Swift;
			sourceTree = "<group>";
		};
		C0EDDC0C216B84190098BBE8 /* Patterns */ = {
			isa = PBXGroup;
			children = (
				C073951121692A8A00F9A2E2 /* DesignPatterns.md */,
			);
			path = Patterns;
			sourceTree = "<group>";
		};
		C0EDDC0D216B84240098BBE8 /* Libraries */ = {
			isa = PBXGroup;
			children = (
				C0EDDC0F216B84660098BBE8 /* RxSwift.md */,
			);
			path = Libraries;
			sourceTree = "<group>";
		};
		C0EDDC0E216B842D0098BBE8 /* Other */ = {
			isa = PBXGroup;
			children = (
				C01D88862163A41000F0F317 /* Xcode.md */,
				C01D888D2163C93A00F0F317 /* Playground.md */,
			);
			path = Other;
			sourceTree = "<group>";
		};
/* End PBXGroup section */

/* Begin PBXNativeTarget section */
		C0C824EB21620DC700D8076F /* SwiftGuideApp */ = {
			isa = PBXNativeTarget;
			buildConfigurationList = C0C824FE21620DC800D8076F /* Build configuration list for PBXNativeTarget "SwiftGuideApp" */;
			buildPhases = (
				B0CF9E06BF46C09AD14CDDA5 /* [CP] Check Pods Manifest.lock */,
				C0C824E821620DC700D8076F /* Sources */,
				C0C824E921620DC700D8076F /* Frameworks */,
				C0C824EA21620DC700D8076F /* Resources */,
				9E5A137E1AAC60734C7360BB /* [CP] Embed Pods Frameworks */,
			);
			buildRules = (
			);
			dependencies = (
			);
			name = SwiftGuideApp;
			productName = SwiftGuideApp;
			productReference = C0C824EC21620DC700D8076F /* SwiftGuideApp.app */;
			productType = "com.apple.product-type.application";
		};
/* End PBXNativeTarget section */

/* Begin PBXProject section */
		C0C824E421620DC700D8076F /* Project object */ = {
			isa = PBXProject;
			attributes = {
				LastSwiftUpdateCheck = 1000;
				LastUpgradeCheck = 1000;
				ORGANIZATIONNAME = "Vadim Denisov";
				TargetAttributes = {
					C0C824EB21620DC700D8076F = {
						CreatedOnToolsVersion = 10.0;
					};
				};
			};
			buildConfigurationList = C0C824E721620DC700D8076F /* Build configuration list for PBXProject "SwiftGuideApp" */;
			compatibilityVersion = "Xcode 9.3";
			developmentRegion = en;
			hasScannedForEncodings = 0;
			knownRegions = (
				en,
				Base,
			);
			mainGroup = C0C824E321620DC700D8076F;
			productRefGroup = C0C824ED21620DC700D8076F /* Products */;
			projectDirPath = "";
			projectRoot = "";
			targets = (
				C0C824EB21620DC700D8076F /* SwiftGuideApp */,
			);
		};
/* End PBXProject section */

/* Begin PBXResourcesBuildPhase section */
		C0C824EA21620DC700D8076F /* Resources */ = {
			isa = PBXResourcesBuildPhase;
			buildActionMask = 2147483647;
			files = (
				C099EA14217D091B000F304A /* ComparingStrings.md in Resources */,
				C0D96E9E21A9E51C0070394B /* Methods.md in Resources */,
				C000DD4D2180A26B009C2D04 /* swift_tutorials.json in Resources */,
				C056CA282180F77400D48020 /* Arrays.md in Resources */,
				C04A698D217A5DED00FF2C03 /* LogicalOperators.md in Resources */,
				C0325DD32188D59C00777AE3 /* ControlFlowAbout.md in Resources */,
				C0D96E9121A8914E0070394B /* StructuresAndEnumerationsAreValuesTypes.md in Resources */,
				C09E6A352170D750009A0130 /* ProtocolsAndExtensions.md in Resources */,
				C0141F592174BA650093BF56 /* Integers.md in Resources */,
				C056CA262180F6FF00D48020 /* MutabilityOfCollections.md in Resources */,
				C09E6A312170CF02009A0130 /* ObjectsAndClasses.md in Resources */,
				C02F3845219887B9005AA272 /* EarlyExit.md in Resources */,
				C02F385721988B38005AA272 /* Closures.md in Resources */,
				C0C10E7E2180EB170071E66E /* patterns_tutorials.json in Resources */,
				C06CB43D2171BEFC00C147B9 /* Generics.md in Resources */,
				C0C824FA21620DC800D8076F /* LaunchScreen.storyboard in Resources */,
				C0A45270217BAF6E0007EF89 /* StringInterpolation.md in Resources */,
				C0D96E8821A0A6B20070394B /* RawValues.md in Resources */,
				C0141F622174C1AD0093BF56 /* NumericTypeConversion.md in Resources */,
				C04A6983217A56F300FF2C03 /* CompoundAssignmentOperators.md in Resources */,
				C0141F572174B9550093BF56 /* Comments.md in Resources */,
				C0EDDC10216B84660098BBE8 /* RxSwift.md in Resources */,
				C0A4526A217BACA40007EF89 /* StringsAreValueTypes.md in Resources */,
				C08F3A542177B60A00CAA89D /* ErrorHandlingBasic.md in Resources */,
				C02F385421988B38005AA272 /* NestedFunctions.md in Resources */,
				C0C824F721620DC800D8076F /* Assets.xcassets in Resources */,
				C09B0DCF2179025000F5DE5F /* Operators.md in Resources */,
				C09B0DCC2178D8B400F5DE5F /* AssertionsAndPreconditions.md in Resources */,
				C099EA0E217CFE7B000F304A /* CountingCharacters.md in Resources */,
				C04A6985217A582900FF2C03 /* ComparsionOperators.md in Resources */,
				C0D96E9921A9E4600070394B /* PropertyObservers.md in Resources */,
				C0D96E78219F52580070394B /* ClosuresAreReferenceTypes.md in Resources */,
				C09B0DD1217909E800F5DE5F /* Terminology.md in Resources */,
				C0D640FE21765B5200E7E4F0 /* Tuples.md in Resources */,
				C0E208CA218A21E500B6C377 /* WhileLoops.md in Resources */,
				C02F384E21988B38005AA272 /* FunctionParametersAndReturnValues.md in Resources */,
				C08A628B2182D95000CF77FA /* FileNotFound.md in Resources */,
				C0141F5E2174BDEE0093BF56 /* TypeSafetyAndTypeInference.md in Resources */,
				C08F3A502177769100CAA89D /* Optionals.md in Resources */,
				C054D88021665B7F00FFA52D /* Variables.md in Resources */,
				C0D6B556217A1353004B6B4A /* AssignmentOperator.md in Resources */,
				C02F384721988B38005AA272 /* CheckingAPIAvailability.md in Resources */,
				C02F3844219887B9005AA272 /* ControlTransferStatements.md in Resources */,
				C0A45266217BAB780007EF89 /* StringMutability.md in Resources */,
				C0D96EA521FD8BD80070394B /* TypeMethods.md in Resources */,
				C006702B217F9BE800D2001B /* CollectionTypes.md in Resources */,
				C09E6A332170D25D009A0130 /* EnumerationsAndStructures.md in Resources */,
				C09F914D218B814E006AAA07 /* ConditionalStatements.md in Resources */,
				C073951221692A8A00F9A2E2 /* DesignPatterns.md in Resources */,
				C02F38592198957B005AA272 /* ClosureExpressions.md in Resources */,
				C0C10E802180EC2E0071E66E /* libraries_tutorials.json in Resources */,
				C0D96E7A219F52D50070394B /* EscapingClosures.md in Resources */,
				C04A6990217A5FF100FF2C03 /* StringsAndCharacters.md in Resources */,
				C0D96E8A21A8906E0070394B /* RecursiveEnumerations.md in Resources */,
				C0141F602174BEA00093BF56 /* NumericLiterals.md in Resources */,
				C0256EB221862ECC0055DD4D /* Sets.md in Resources */,
				C099EA10217D0282000F304A /* AccessingAndModifyingString.md in Resources */,
				C02F384C21988B38005AA272 /* DefiningAndCallingFunctions.md in Resources */,
				C0A4526C217BAD5C0007EF89 /* WorkingWithCharacters.md in Resources */,
				C0A45268217BABF30007EF89 /* InitializingAnEmptyString.md in Resources */,
				C01D88872163A41000F0F317 /* Xcode.md in Resources */,
				C0D96E8021A0A5480070394B /* EnumberationSyntax.md in Resources */,
				C0D96E76219F522C0070394B /* TrailingClosures.md in Resources */,
				C0A4526E217BAE0D0007EF89 /* ConcatenatingStringsAndCharacters.md in Resources */,
				C0C824F521620DC700D8076F /* Main.storyboard in Resources */,
				C06CB43B21712BE100C147B9 /* ErrorHandling.md in Resources */,
				C099EA12217D05D6000F304A /* Substrings.md in Resources */,
				C0D96E8D21A890C30070394B /* StructuresAndClasses.md in Resources */,
				C0325DD62188D69700777AE3 /* ForInLoops.md in Resources */,
				C099EA16217D0C14000F304A /* UnicodeRepresentationsOfStrings.md in Resources */,
				C0D96E8221A0A58D0070394B /* MatchingEnumeration.md in Resources */,
				C0D96E9321A891A40070394B /* ClassesAreReferenceTypes.md in Resources */,
				C02F384A21988B38005AA272 /* Functions.md in Resources */,
				C06161CE216CA5A7000D3D89 /* AboutSwift.md in Resources */,
				C04A6981217A54B100FF2C03 /* ArithmeticOperators.md in Resources */,
				C0A45264217BA95F0007EF89 /* StringLiterals.md in Resources */,
				C06A9976216FC45D00836925 /* ControlFlow.md in Resources */,
				C02F385021988B38005AA272 /* FunctionArgumentLabelsAndParameterNames.md in Resources */,
				C04A6987217A5A2E00FF2C03 /* TernaryConditionalOperator.md in Resources */,
				C0C10E842180ECDA0071E66E /* other_tutorials.json in Resources */,
				C09E6A2F2170CB8D009A0130 /* FunctionsAndClosures.md in Resources */,
				C099EA0C217CFCE3000F304A /* Unicode.md in Resources */,
				C04A6989217A5B3A00FF2C03 /* NilCoalescingOperator.md in Resources */,
				C0D96E8F21A891020070394B /* ComparingStructuresAndClasses.md in Resources */,
				C05326AC216DC38300839BDE /* VersionSwift.md in Resources */,
				C02F385221988B38005AA272 /* FunctionTypes.md in Resources */,
				C0141F642174C3660093BF56 /* TypeAliases.md in Resources */,
				C01C4EEF2187696D0041B1EF /* Dictionaries.md in Resources */,
				C0D96E74219F52230070394B /* CapturingValues.md in Resources */,
				C0D96E8621A0A6740070394B /* AssociatedValues.md in Resources */,
				C0141F5B2174BC030093BF56 /* FloatingPointNumbers.md in Resources */,
				C0ADF362216E774E00B6B0F8 /* HelloWorld.md in Resources */,
				C01C4EED2187672B0041B1EF /* PerformingSetOperations.md in Resources */,
				C04A698B217A5CB000FF2C03 /* RangeOperators.md in Resources */,
				C0D96E8421A0A6270070394B /* IteratingOverEnumerationCases.md in Resources */,
				C01D888E2163C93A00F0F317 /* Playground.md in Resources */,
				C0D96E7C219F53110070394B /* Autoclosures.md in Resources */,
				C05BA3F721750E5400C4A8E2 /* Booleans.md in Resources */,
				C01D7BBC2173AC8E000208CC /* ConstantsAndVariables.md in Resources */,
			);
			runOnlyForDeploymentPostprocessing = 0;
		};
/* End PBXResourcesBuildPhase section */

/* Begin PBXShellScriptBuildPhase section */
		9E5A137E1AAC60734C7360BB /* [CP] Embed Pods Frameworks */ = {
			isa = PBXShellScriptBuildPhase;
			buildActionMask = 2147483647;
			files = (
			);
			inputFileListPaths = (
			);
			inputPaths = (
				"${SRCROOT}/Pods/Target Support Files/Pods-SwiftGuideApp/Pods-SwiftGuideApp-frameworks.sh",
				"${BUILT_PRODUCTS_DIR}/MarkdownView/MarkdownView.framework",
			);
			name = "[CP] Embed Pods Frameworks";
			outputFileListPaths = (
			);
			outputPaths = (
				"${TARGET_BUILD_DIR}/${FRAMEWORKS_FOLDER_PATH}/MarkdownView.framework",
			);
			runOnlyForDeploymentPostprocessing = 0;
			shellPath = /bin/sh;
			shellScript = "\"${SRCROOT}/Pods/Target Support Files/Pods-SwiftGuideApp/Pods-SwiftGuideApp-frameworks.sh\"\n";
			showEnvVarsInLog = 0;
		};
		B0CF9E06BF46C09AD14CDDA5 /* [CP] Check Pods Manifest.lock */ = {
			isa = PBXShellScriptBuildPhase;
			buildActionMask = 2147483647;
			files = (
			);
			inputFileListPaths = (
			);
			inputPaths = (
				"${PODS_PODFILE_DIR_PATH}/Podfile.lock",
				"${PODS_ROOT}/Manifest.lock",
			);
			name = "[CP] Check Pods Manifest.lock";
			outputFileListPaths = (
			);
			outputPaths = (
				"$(DERIVED_FILE_DIR)/Pods-SwiftGuideApp-checkManifestLockResult.txt",
			);
			runOnlyForDeploymentPostprocessing = 0;
			shellPath = /bin/sh;
			shellScript = "diff \"${PODS_PODFILE_DIR_PATH}/Podfile.lock\" \"${PODS_ROOT}/Manifest.lock\" > /dev/null\nif [ $? != 0 ] ; then\n    # print error to STDERR\n    echo \"error: The sandbox is not in sync with the Podfile.lock. Run 'pod install' or update your CocoaPods installation.\" >&2\n    exit 1\nfi\n# This output is used by Xcode 'outputs' to avoid re-running this script phase.\necho \"SUCCESS\" > \"${SCRIPT_OUTPUT_FILE_0}\"\n";
			showEnvVarsInLog = 0;
		};
/* End PBXShellScriptBuildPhase section */

/* Begin PBXSourcesBuildPhase section */
		C0C824E821620DC700D8076F /* Sources */ = {
			isa = PBXSourcesBuildPhase;
			buildActionMask = 2147483647;
			files = (
				C0EDDC08216B316E0098BBE8 /* LibrariesTutorials.swift in Sources */,
				C017FE70216A831700FA116D /* LibrariesViewController.swift in Sources */,
				C01D88902163D53500F0F317 /* Tutorial.swift in Sources */,
				C05D3EFE2163306B00BD0268 /* TopicCell.swift in Sources */,
				C0EDDC0A216B317F0098BBE8 /* OtherTutorials.swift in Sources */,
				C05D3EEF2162935F00BD0268 /* SwiftViewController.swift in Sources */,
				C05D3EFC216328BE00BD0268 /* CategoryRow.swift in Sources */,
				C0EDDC04216B31480098BBE8 /* SwiftTutorials.swift in Sources */,
				C01D88892163A63600F0F317 /* TutorialViewController.swift in Sources */,
				C0C824F021620DC700D8076F /* AppDelegate.swift in Sources */,
				C0F556E12183938700F6EE09 /* SectionManager.swift in Sources */,
				C017FE6E216A82B800FA116D /* PatternsViewController.swift in Sources */,
				C0EDDC06216B31550098BBE8 /* PatternsTutorials.swift in Sources */,
				C08A628921823A7800CF77FA /* SectionTutorials.swift in Sources */,
				C08A62872182364500CF77FA /* TutorialManager.swift in Sources */,
				C017FE72216A833200FA116D /* OtherViewController.swift in Sources */,
			);
			runOnlyForDeploymentPostprocessing = 0;
		};
/* End PBXSourcesBuildPhase section */

/* Begin PBXVariantGroup section */
		C0C824F321620DC700D8076F /* Main.storyboard */ = {
			isa = PBXVariantGroup;
			children = (
				C0C824F421620DC700D8076F /* Base */,
			);
			name = Main.storyboard;
			sourceTree = "<group>";
		};
		C0C824F821620DC800D8076F /* LaunchScreen.storyboard */ = {
			isa = PBXVariantGroup;
			children = (
				C0C824F921620DC800D8076F /* Base */,
			);
			name = LaunchScreen.storyboard;
			sourceTree = "<group>";
		};
/* End PBXVariantGroup section */

/* Begin XCBuildConfiguration section */
		C0C824FC21620DC800D8076F /* Debug */ = {
			isa = XCBuildConfiguration;
			buildSettings = {
				ALWAYS_SEARCH_USER_PATHS = NO;
				CLANG_ANALYZER_NONNULL = YES;
				CLANG_ANALYZER_NUMBER_OBJECT_CONVERSION = YES_AGGRESSIVE;
				CLANG_CXX_LANGUAGE_STANDARD = "gnu++14";
				CLANG_CXX_LIBRARY = "libc++";
				CLANG_ENABLE_MODULES = YES;
				CLANG_ENABLE_OBJC_ARC = YES;
				CLANG_ENABLE_OBJC_WEAK = YES;
				CLANG_WARN_BLOCK_CAPTURE_AUTORELEASING = YES;
				CLANG_WARN_BOOL_CONVERSION = YES;
				CLANG_WARN_COMMA = YES;
				CLANG_WARN_CONSTANT_CONVERSION = YES;
				CLANG_WARN_DEPRECATED_OBJC_IMPLEMENTATIONS = YES;
				CLANG_WARN_DIRECT_OBJC_ISA_USAGE = YES_ERROR;
				CLANG_WARN_DOCUMENTATION_COMMENTS = YES;
				CLANG_WARN_EMPTY_BODY = YES;
				CLANG_WARN_ENUM_CONVERSION = YES;
				CLANG_WARN_INFINITE_RECURSION = YES;
				CLANG_WARN_INT_CONVERSION = YES;
				CLANG_WARN_NON_LITERAL_NULL_CONVERSION = YES;
				CLANG_WARN_OBJC_IMPLICIT_RETAIN_SELF = YES;
				CLANG_WARN_OBJC_LITERAL_CONVERSION = YES;
				CLANG_WARN_OBJC_ROOT_CLASS = YES_ERROR;
				CLANG_WARN_RANGE_LOOP_ANALYSIS = YES;
				CLANG_WARN_STRICT_PROTOTYPES = YES;
				CLANG_WARN_SUSPICIOUS_MOVE = YES;
				CLANG_WARN_UNGUARDED_AVAILABILITY = YES_AGGRESSIVE;
				CLANG_WARN_UNREACHABLE_CODE = YES;
				CLANG_WARN__DUPLICATE_METHOD_MATCH = YES;
				CODE_SIGN_IDENTITY = "iPhone Developer";
				COPY_PHASE_STRIP = NO;
				DEBUG_INFORMATION_FORMAT = dwarf;
				ENABLE_STRICT_OBJC_MSGSEND = YES;
				ENABLE_TESTABILITY = YES;
				GCC_C_LANGUAGE_STANDARD = gnu11;
				GCC_DYNAMIC_NO_PIC = NO;
				GCC_NO_COMMON_BLOCKS = YES;
				GCC_OPTIMIZATION_LEVEL = 0;
				GCC_PREPROCESSOR_DEFINITIONS = (
					"DEBUG=1",
					"$(inherited)",
				);
				GCC_WARN_64_TO_32_BIT_CONVERSION = YES;
				GCC_WARN_ABOUT_RETURN_TYPE = YES_ERROR;
				GCC_WARN_UNDECLARED_SELECTOR = YES;
				GCC_WARN_UNINITIALIZED_AUTOS = YES_AGGRESSIVE;
				GCC_WARN_UNUSED_FUNCTION = YES;
				GCC_WARN_UNUSED_VARIABLE = YES;
				IPHONEOS_DEPLOYMENT_TARGET = 12.0;
				MTL_ENABLE_DEBUG_INFO = INCLUDE_SOURCE;
				MTL_FAST_MATH = YES;
				ONLY_ACTIVE_ARCH = YES;
				SDKROOT = iphoneos;
				SWIFT_ACTIVE_COMPILATION_CONDITIONS = DEBUG;
				SWIFT_OPTIMIZATION_LEVEL = "-Onone";
			};
			name = Debug;
		};
		C0C824FD21620DC800D8076F /* Release */ = {
			isa = XCBuildConfiguration;
			buildSettings = {
				ALWAYS_SEARCH_USER_PATHS = NO;
				CLANG_ANALYZER_NONNULL = YES;
				CLANG_ANALYZER_NUMBER_OBJECT_CONVERSION = YES_AGGRESSIVE;
				CLANG_CXX_LANGUAGE_STANDARD = "gnu++14";
				CLANG_CXX_LIBRARY = "libc++";
				CLANG_ENABLE_MODULES = YES;
				CLANG_ENABLE_OBJC_ARC = YES;
				CLANG_ENABLE_OBJC_WEAK = YES;
				CLANG_WARN_BLOCK_CAPTURE_AUTORELEASING = YES;
				CLANG_WARN_BOOL_CONVERSION = YES;
				CLANG_WARN_COMMA = YES;
				CLANG_WARN_CONSTANT_CONVERSION = YES;
				CLANG_WARN_DEPRECATED_OBJC_IMPLEMENTATIONS = YES;
				CLANG_WARN_DIRECT_OBJC_ISA_USAGE = YES_ERROR;
				CLANG_WARN_DOCUMENTATION_COMMENTS = YES;
				CLANG_WARN_EMPTY_BODY = YES;
				CLANG_WARN_ENUM_CONVERSION = YES;
				CLANG_WARN_INFINITE_RECURSION = YES;
				CLANG_WARN_INT_CONVERSION = YES;
				CLANG_WARN_NON_LITERAL_NULL_CONVERSION = YES;
				CLANG_WARN_OBJC_IMPLICIT_RETAIN_SELF = YES;
				CLANG_WARN_OBJC_LITERAL_CONVERSION = YES;
				CLANG_WARN_OBJC_ROOT_CLASS = YES_ERROR;
				CLANG_WARN_RANGE_LOOP_ANALYSIS = YES;
				CLANG_WARN_STRICT_PROTOTYPES = YES;
				CLANG_WARN_SUSPICIOUS_MOVE = YES;
				CLANG_WARN_UNGUARDED_AVAILABILITY = YES_AGGRESSIVE;
				CLANG_WARN_UNREACHABLE_CODE = YES;
				CLANG_WARN__DUPLICATE_METHOD_MATCH = YES;
				CODE_SIGN_IDENTITY = "iPhone Developer";
				COPY_PHASE_STRIP = NO;
				DEBUG_INFORMATION_FORMAT = "dwarf-with-dsym";
				ENABLE_NS_ASSERTIONS = NO;
				ENABLE_STRICT_OBJC_MSGSEND = YES;
				GCC_C_LANGUAGE_STANDARD = gnu11;
				GCC_NO_COMMON_BLOCKS = YES;
				GCC_WARN_64_TO_32_BIT_CONVERSION = YES;
				GCC_WARN_ABOUT_RETURN_TYPE = YES_ERROR;
				GCC_WARN_UNDECLARED_SELECTOR = YES;
				GCC_WARN_UNINITIALIZED_AUTOS = YES_AGGRESSIVE;
				GCC_WARN_UNUSED_FUNCTION = YES;
				GCC_WARN_UNUSED_VARIABLE = YES;
				IPHONEOS_DEPLOYMENT_TARGET = 12.0;
				MTL_ENABLE_DEBUG_INFO = NO;
				MTL_FAST_MATH = YES;
				SDKROOT = iphoneos;
				SWIFT_COMPILATION_MODE = wholemodule;
				SWIFT_OPTIMIZATION_LEVEL = "-O";
				VALIDATE_PRODUCT = YES;
			};
			name = Release;
		};
		C0C824FF21620DC800D8076F /* Debug */ = {
			isa = XCBuildConfiguration;
			baseConfigurationReference = 7D3F85B1B3A5AFCCDBFEC662 /* Pods-SwiftGuideApp.debug.xcconfig */;
			buildSettings = {
				ASSETCATALOG_COMPILER_APPICON_NAME = AppIcon;
				CODE_SIGN_STYLE = Automatic;
				DEVELOPMENT_TEAM = 6YBL7YJSLW;
				INFOPLIST_FILE = SwiftGuideApp/Info.plist;
				LD_RUNPATH_SEARCH_PATHS = (
					"$(inherited)",
					"@executable_path/Frameworks",
				);
				PRODUCT_BUNDLE_IDENTIFIER = com.gidsor.SwiftGuideApp;
				PRODUCT_NAME = "$(TARGET_NAME)";
				SWIFT_VERSION = 4.2;
				TARGETED_DEVICE_FAMILY = "1,2";
			};
			name = Debug;
		};
		C0C8250021620DC800D8076F /* Release */ = {
			isa = XCBuildConfiguration;
			baseConfigurationReference = F8C754677A388BE7445D0B07 /* Pods-SwiftGuideApp.release.xcconfig */;
			buildSettings = {
				ASSETCATALOG_COMPILER_APPICON_NAME = AppIcon;
				CODE_SIGN_STYLE = Automatic;
				DEVELOPMENT_TEAM = 6YBL7YJSLW;
				INFOPLIST_FILE = SwiftGuideApp/Info.plist;
				LD_RUNPATH_SEARCH_PATHS = (
					"$(inherited)",
					"@executable_path/Frameworks",
				);
				PRODUCT_BUNDLE_IDENTIFIER = com.gidsor.SwiftGuideApp;
				PRODUCT_NAME = "$(TARGET_NAME)";
				SWIFT_VERSION = 4.2;
				TARGETED_DEVICE_FAMILY = "1,2";
			};
			name = Release;
		};
/* End XCBuildConfiguration section */

/* Begin XCConfigurationList section */
		C0C824E721620DC700D8076F /* Build configuration list for PBXProject "SwiftGuideApp" */ = {
			isa = XCConfigurationList;
			buildConfigurations = (
				C0C824FC21620DC800D8076F /* Debug */,
				C0C824FD21620DC800D8076F /* Release */,
			);
			defaultConfigurationIsVisible = 0;
			defaultConfigurationName = Release;
		};
		C0C824FE21620DC800D8076F /* Build configuration list for PBXNativeTarget "SwiftGuideApp" */ = {
			isa = XCConfigurationList;
			buildConfigurations = (
				C0C824FF21620DC800D8076F /* Debug */,
				C0C8250021620DC800D8076F /* Release */,
			);
			defaultConfigurationIsVisible = 0;
			defaultConfigurationName = Release;
		};
/* End XCConfigurationList section */
	};
	rootObject = C0C824E421620DC700D8076F /* Project object */;
}
