// !$*UTF8*$!
{
	archiveVersion = 1;
	classes = {
	};
	objectVersion = 50;
	objects = {

/* Begin PBXBuildFile section */
		95C6169FD035BCDB2C3B1CC1 /* Pods_SwiftGuideApp.framework in Frameworks */ = {isa = PBXBuildFile; fileRef = 6DAE841CFEB8B5D49417106C /* Pods_SwiftGuideApp.framework */; };
		C0141F572174B9550093BF56 /* Comments.md in Resources */ = {isa = PBXBuildFile; fileRef = C0141F562174B9550093BF56 /* Comments.md */; };
		C0141F592174BA650093BF56 /* Integers.md in Resources */ = {isa = PBXBuildFile; fileRef = C0141F582174BA650093BF56 /* Integers.md */; };
		C0141F5B2174BC030093BF56 /* FloatingPointNumbers.md in Resources */ = {isa = PBXBuildFile; fileRef = C0141F5A2174BC030093BF56 /* FloatingPointNumbers.md */; };
		C0141F5E2174BDEE0093BF56 /* TypeSafetyAndTypeInference.md in Resources */ = {isa = PBXBuildFile; fileRef = C0141F5D2174BDEE0093BF56 /* TypeSafetyAndTypeInference.md */; };
		C0141F602174BEA00093BF56 /* NumericLiterals.md in Resources */ = {isa = PBXBuildFile; fileRef = C0141F5F2174BEA00093BF56 /* NumericLiterals.md */; };
		C0141F622174C1AD0093BF56 /* NumericTypeConversion.md in Resources */ = {isa = PBXBuildFile; fileRef = C0141F612174C1AD0093BF56 /* NumericTypeConversion.md */; };
		C017FE6E216A82B800FA116D /* PatternsViewController.swift in Sources */ = {isa = PBXBuildFile; fileRef = C017FE6D216A82B800FA116D /* PatternsViewController.swift */; };
		C017FE70216A831700FA116D /* LibrariesViewController.swift in Sources */ = {isa = PBXBuildFile; fileRef = C017FE6F216A831700FA116D /* LibrariesViewController.swift */; };
		C017FE72216A833200FA116D /* OtherViewController.swift in Sources */ = {isa = PBXBuildFile; fileRef = C017FE71216A833200FA116D /* OtherViewController.swift */; };
		C01D7BBC2173AC8E000208CC /* ConstantsAndVariables.md in Resources */ = {isa = PBXBuildFile; fileRef = C01D7BBB2173AC8E000208CC /* ConstantsAndVariables.md */; };
		C01D88872163A41000F0F317 /* Xcode.md in Resources */ = {isa = PBXBuildFile; fileRef = C01D88862163A41000F0F317 /* Xcode.md */; };
		C01D88892163A63600F0F317 /* TutorialViewController.swift in Sources */ = {isa = PBXBuildFile; fileRef = C01D88882163A63600F0F317 /* TutorialViewController.swift */; };
		C01D888E2163C93A00F0F317 /* Playground.md in Resources */ = {isa = PBXBuildFile; fileRef = C01D888D2163C93A00F0F317 /* Playground.md */; };
		C01D88902163D53500F0F317 /* Tutorial.swift in Sources */ = {isa = PBXBuildFile; fileRef = C01D888F2163D53500F0F317 /* Tutorial.swift */; };
		C05326AC216DC38300839BDE /* VersionSwift.md in Resources */ = {isa = PBXBuildFile; fileRef = C05326AB216DC38300839BDE /* VersionSwift.md */; };
		C054D88021665B7F00FFA52D /* Variables.md in Resources */ = {isa = PBXBuildFile; fileRef = C054D87F21665B7F00FFA52D /* Variables.md */; };
		C05D3EEF2162935F00BD0268 /* SwiftViewController.swift in Sources */ = {isa = PBXBuildFile; fileRef = C05D3EEE2162935F00BD0268 /* SwiftViewController.swift */; };
		C05D3EFC216328BE00BD0268 /* CategoryRow.swift in Sources */ = {isa = PBXBuildFile; fileRef = C05D3EFB216328BE00BD0268 /* CategoryRow.swift */; };
		C05D3EFE2163306B00BD0268 /* TopicCell.swift in Sources */ = {isa = PBXBuildFile; fileRef = C05D3EFD2163306B00BD0268 /* TopicCell.swift */; };
		C06161CE216CA5A7000D3D89 /* AboutSwift.md in Resources */ = {isa = PBXBuildFile; fileRef = C06161CD216CA5A7000D3D89 /* AboutSwift.md */; };
		C06A9976216FC45D00836925 /* ControlFlow.md in Resources */ = {isa = PBXBuildFile; fileRef = C06A9975216FC45D00836925 /* ControlFlow.md */; };
		C06CB43B21712BE100C147B9 /* ErrorHandling.md in Resources */ = {isa = PBXBuildFile; fileRef = C06CB43A21712BE100C147B9 /* ErrorHandling.md */; };
		C06CB43D2171BEFC00C147B9 /* Generics.md in Resources */ = {isa = PBXBuildFile; fileRef = C06CB43C2171BEFC00C147B9 /* Generics.md */; };
		C073951221692A8A00F9A2E2 /* DesignPatterns.md in Resources */ = {isa = PBXBuildFile; fileRef = C073951121692A8A00F9A2E2 /* DesignPatterns.md */; };
		C09E6A2F2170CB8D009A0130 /* FunctionsAndClosures.md in Resources */ = {isa = PBXBuildFile; fileRef = C09E6A2E2170CB8D009A0130 /* FunctionsAndClosures.md */; };
		C09E6A312170CF02009A0130 /* ObjectsAndClasses.md in Resources */ = {isa = PBXBuildFile; fileRef = C09E6A302170CF02009A0130 /* ObjectsAndClasses.md */; };
		C09E6A332170D25D009A0130 /* EnumerationsAndStructures.md in Resources */ = {isa = PBXBuildFile; fileRef = C09E6A322170D25D009A0130 /* EnumerationsAndStructures.md */; };
		C09E6A352170D750009A0130 /* ProtocolsAndExtensions.md in Resources */ = {isa = PBXBuildFile; fileRef = C09E6A342170D750009A0130 /* ProtocolsAndExtensions.md */; };
		C0ADF362216E774E00B6B0F8 /* HelloWorld.md in Resources */ = {isa = PBXBuildFile; fileRef = C0ADF361216E774E00B6B0F8 /* HelloWorld.md */; };
		C0C824F021620DC700D8076F /* AppDelegate.swift in Sources */ = {isa = PBXBuildFile; fileRef = C0C824EF21620DC700D8076F /* AppDelegate.swift */; };
		C0C824F521620DC700D8076F /* Main.storyboard in Resources */ = {isa = PBXBuildFile; fileRef = C0C824F321620DC700D8076F /* Main.storyboard */; };
		C0C824F721620DC800D8076F /* Assets.xcassets in Resources */ = {isa = PBXBuildFile; fileRef = C0C824F621620DC800D8076F /* Assets.xcassets */; };
		C0C824FA21620DC800D8076F /* LaunchScreen.storyboard in Resources */ = {isa = PBXBuildFile; fileRef = C0C824F821620DC800D8076F /* LaunchScreen.storyboard */; };
		C0EDDC04216B31480098BBE8 /* SwiftTutorials.swift in Sources */ = {isa = PBXBuildFile; fileRef = C0EDDC03216B31480098BBE8 /* SwiftTutorials.swift */; };
		C0EDDC06216B31550098BBE8 /* PatternsTutorials.swift in Sources */ = {isa = PBXBuildFile; fileRef = C0EDDC05216B31550098BBE8 /* PatternsTutorials.swift */; };
		C0EDDC08216B316E0098BBE8 /* LibrariesTutorials.swift in Sources */ = {isa = PBXBuildFile; fileRef = C0EDDC07216B316E0098BBE8 /* LibrariesTutorials.swift */; };
		C0EDDC0A216B317F0098BBE8 /* OtherTutorials.swift in Sources */ = {isa = PBXBuildFile; fileRef = C0EDDC09216B317F0098BBE8 /* OtherTutorials.swift */; };
		C0EDDC10216B84660098BBE8 /* RxSwift.md in Resources */ = {isa = PBXBuildFile; fileRef = C0EDDC0F216B84660098BBE8 /* RxSwift.md */; };
/* End PBXBuildFile section */

/* Begin PBXFileReference section */
		6DAE841CFEB8B5D49417106C /* Pods_SwiftGuideApp.framework */ = {isa = PBXFileReference; explicitFileType = wrapper.framework; includeInIndex = 0; path = Pods_SwiftGuideApp.framework; sourceTree = BUILT_PRODUCTS_DIR; };
		7D3F85B1B3A5AFCCDBFEC662 /* Pods-SwiftGuideApp.debug.xcconfig */ = {isa = PBXFileReference; includeInIndex = 1; lastKnownFileType = text.xcconfig; name = "Pods-SwiftGuideApp.debug.xcconfig"; path = "Pods/Target Support Files/Pods-SwiftGuideApp/Pods-SwiftGuideApp.debug.xcconfig"; sourceTree = "<group>"; };
		C0141F562174B9550093BF56 /* Comments.md */ = {isa = PBXFileReference; lastKnownFileType = net.daringfireball.markdown; path = Comments.md; sourceTree = "<group>"; };
		C0141F582174BA650093BF56 /* Integers.md */ = {isa = PBXFileReference; lastKnownFileType = net.daringfireball.markdown; path = Integers.md; sourceTree = "<group>"; };
		C0141F5A2174BC030093BF56 /* FloatingPointNumbers.md */ = {isa = PBXFileReference; lastKnownFileType = net.daringfireball.markdown; path = FloatingPointNumbers.md; sourceTree = "<group>"; };
		C0141F5D2174BDEE0093BF56 /* TypeSafetyAndTypeInference.md */ = {isa = PBXFileReference; lastKnownFileType = net.daringfireball.markdown; path = TypeSafetyAndTypeInference.md; sourceTree = "<group>"; };
		C0141F5F2174BEA00093BF56 /* NumericLiterals.md */ = {isa = PBXFileReference; lastKnownFileType = net.daringfireball.markdown; path = NumericLiterals.md; sourceTree = "<group>"; };
		C0141F612174C1AD0093BF56 /* NumericTypeConversion.md */ = {isa = PBXFileReference; lastKnownFileType = net.daringfireball.markdown; path = NumericTypeConversion.md; sourceTree = "<group>"; };
		C017FE6D216A82B800FA116D /* PatternsViewController.swift */ = {isa = PBXFileReference; lastKnownFileType = sourcecode.swift; path = PatternsViewController.swift; sourceTree = "<group>"; };
		C017FE6F216A831700FA116D /* LibrariesViewController.swift */ = {isa = PBXFileReference; lastKnownFileType = sourcecode.swift; path = LibrariesViewController.swift; sourceTree = "<group>"; };
		C017FE71216A833200FA116D /* OtherViewController.swift */ = {isa = PBXFileReference; lastKnownFileType = sourcecode.swift; path = OtherViewController.swift; sourceTree = "<group>"; };
		C01D7BBB2173AC8E000208CC /* ConstantsAndVariables.md */ = {isa = PBXFileReference; lastKnownFileType = net.daringfireball.markdown; path = ConstantsAndVariables.md; sourceTree = "<group>"; };
		C01D88862163A41000F0F317 /* Xcode.md */ = {isa = PBXFileReference; lastKnownFileType = net.daringfireball.markdown; path = Xcode.md; sourceTree = "<group>"; };
		C01D88882163A63600F0F317 /* TutorialViewController.swift */ = {isa = PBXFileReference; lastKnownFileType = sourcecode.swift; path = TutorialViewController.swift; sourceTree = "<group>"; };
		C01D888D2163C93A00F0F317 /* Playground.md */ = {isa = PBXFileReference; lastKnownFileType = net.daringfireball.markdown; path = Playground.md; sourceTree = "<group>"; };
		C01D888F2163D53500F0F317 /* Tutorial.swift */ = {isa = PBXFileReference; lastKnownFileType = sourcecode.swift; path = Tutorial.swift; sourceTree = "<group>"; };
		C05326AB216DC38300839BDE /* VersionSwift.md */ = {isa = PBXFileReference; lastKnownFileType = net.daringfireball.markdown; path = VersionSwift.md; sourceTree = "<group>"; };
		C054D87F21665B7F00FFA52D /* Variables.md */ = {isa = PBXFileReference; lastKnownFileType = net.daringfireball.markdown; path = Variables.md; sourceTree = "<group>"; };
		C05D3EEE2162935F00BD0268 /* SwiftViewController.swift */ = {isa = PBXFileReference; lastKnownFileType = sourcecode.swift; path = SwiftViewController.swift; sourceTree = "<group>"; };
		C05D3EFB216328BE00BD0268 /* CategoryRow.swift */ = {isa = PBXFileReference; lastKnownFileType = sourcecode.swift; path = CategoryRow.swift; sourceTree = "<group>"; };
		C05D3EFD2163306B00BD0268 /* TopicCell.swift */ = {isa = PBXFileReference; lastKnownFileType = sourcecode.swift; path = TopicCell.swift; sourceTree = "<group>"; };
		C06161CD216CA5A7000D3D89 /* AboutSwift.md */ = {isa = PBXFileReference; lastKnownFileType = net.daringfireball.markdown; path = AboutSwift.md; sourceTree = "<group>"; };
		C06A9975216FC45D00836925 /* ControlFlow.md */ = {isa = PBXFileReference; lastKnownFileType = net.daringfireball.markdown; path = ControlFlow.md; sourceTree = "<group>"; };
		C06CB43A21712BE100C147B9 /* ErrorHandling.md */ = {isa = PBXFileReference; lastKnownFileType = net.daringfireball.markdown; path = ErrorHandling.md; sourceTree = "<group>"; };
		C06CB43C2171BEFC00C147B9 /* Generics.md */ = {isa = PBXFileReference; lastKnownFileType = net.daringfireball.markdown; path = Generics.md; sourceTree = "<group>"; };
		C073951121692A8A00F9A2E2 /* DesignPatterns.md */ = {isa = PBXFileReference; lastKnownFileType = net.daringfireball.markdown; path = DesignPatterns.md; sourceTree = "<group>"; };
		C09E6A2E2170CB8D009A0130 /* FunctionsAndClosures.md */ = {isa = PBXFileReference; lastKnownFileType = net.daringfireball.markdown; path = FunctionsAndClosures.md; sourceTree = "<group>"; };
		C09E6A302170CF02009A0130 /* ObjectsAndClasses.md */ = {isa = PBXFileReference; lastKnownFileType = net.daringfireball.markdown; path = ObjectsAndClasses.md; sourceTree = "<group>"; };
		C09E6A322170D25D009A0130 /* EnumerationsAndStructures.md */ = {isa = PBXFileReference; lastKnownFileType = net.daringfireball.markdown; path = EnumerationsAndStructures.md; sourceTree = "<group>"; };
		C09E6A342170D750009A0130 /* ProtocolsAndExtensions.md */ = {isa = PBXFileReference; lastKnownFileType = net.daringfireball.markdown; path = ProtocolsAndExtensions.md; sourceTree = "<group>"; };
		C0ADF361216E774E00B6B0F8 /* HelloWorld.md */ = {isa = PBXFileReference; lastKnownFileType = net.daringfireball.markdown; path = HelloWorld.md; sourceTree = "<group>"; };
		C0C824EC21620DC700D8076F /* SwiftGuideApp.app */ = {isa = PBXFileReference; explicitFileType = wrapper.application; includeInIndex = 0; path = SwiftGuideApp.app; sourceTree = BUILT_PRODUCTS_DIR; };
		C0C824EF21620DC700D8076F /* AppDelegate.swift */ = {isa = PBXFileReference; lastKnownFileType = sourcecode.swift; path = AppDelegate.swift; sourceTree = "<group>"; };
		C0C824F421620DC700D8076F /* Base */ = {isa = PBXFileReference; lastKnownFileType = file.storyboard; name = Base; path = Base.lproj/Main.storyboard; sourceTree = "<group>"; };
		C0C824F621620DC800D8076F /* Assets.xcassets */ = {isa = PBXFileReference; lastKnownFileType = folder.assetcatalog; path = Assets.xcassets; sourceTree = "<group>"; };
		C0C824F921620DC800D8076F /* Base */ = {isa = PBXFileReference; lastKnownFileType = file.storyboard; name = Base; path = Base.lproj/LaunchScreen.storyboard; sourceTree = "<group>"; };
		C0C824FB21620DC800D8076F /* Info.plist */ = {isa = PBXFileReference; lastKnownFileType = text.plist.xml; path = Info.plist; sourceTree = "<group>"; };
		C0EDDC03216B31480098BBE8 /* SwiftTutorials.swift */ = {isa = PBXFileReference; lastKnownFileType = sourcecode.swift; path = SwiftTutorials.swift; sourceTree = "<group>"; };
		C0EDDC05216B31550098BBE8 /* PatternsTutorials.swift */ = {isa = PBXFileReference; lastKnownFileType = sourcecode.swift; path = PatternsTutorials.swift; sourceTree = "<group>"; };
		C0EDDC07216B316E0098BBE8 /* LibrariesTutorials.swift */ = {isa = PBXFileReference; lastKnownFileType = sourcecode.swift; path = LibrariesTutorials.swift; sourceTree = "<group>"; };
		C0EDDC09216B317F0098BBE8 /* OtherTutorials.swift */ = {isa = PBXFileReference; lastKnownFileType = sourcecode.swift; path = OtherTutorials.swift; sourceTree = "<group>"; };
		C0EDDC0F216B84660098BBE8 /* RxSwift.md */ = {isa = PBXFileReference; lastKnownFileType = net.daringfireball.markdown; path = RxSwift.md; sourceTree = "<group>"; };
		F8C754677A388BE7445D0B07 /* Pods-SwiftGuideApp.release.xcconfig */ = {isa = PBXFileReference; includeInIndex = 1; lastKnownFileType = text.xcconfig; name = "Pods-SwiftGuideApp.release.xcconfig"; path = "Pods/Target Support Files/Pods-SwiftGuideApp/Pods-SwiftGuideApp.release.xcconfig"; sourceTree = "<group>"; };
/* End PBXFileReference section */

/* Begin PBXFrameworksBuildPhase section */
		C0C824E921620DC700D8076F /* Frameworks */ = {
			isa = PBXFrameworksBuildPhase;
			buildActionMask = 2147483647;
			files = (
				95C6169FD035BCDB2C3B1CC1 /* Pods_SwiftGuideApp.framework in Frameworks */,
			);
			runOnlyForDeploymentPostprocessing = 0;
		};
/* End PBXFrameworksBuildPhase section */

/* Begin PBXGroup section */
		77AAAB4BEEE1E2FDBD49330E /* Pods */ = {
			isa = PBXGroup;
			children = (
				7D3F85B1B3A5AFCCDBFEC662 /* Pods-SwiftGuideApp.debug.xcconfig */,
				F8C754677A388BE7445D0B07 /* Pods-SwiftGuideApp.release.xcconfig */,
			);
			name = Pods;
			sourceTree = "<group>";
		};
		B3A31AF1BA903D8463F65882 /* Frameworks */ = {
			isa = PBXGroup;
			children = (
				6DAE841CFEB8B5D49417106C /* Pods_SwiftGuideApp.framework */,
			);
			name = Frameworks;
			sourceTree = "<group>";
		};
		C01D7BB92173A9ED000208CC /* Welcome */ = {
			isa = PBXGroup;
			children = (
				C06161CD216CA5A7000D3D89 /* AboutSwift.md */,
				C054D87F21665B7F00FFA52D /* Variables.md */,
				C05326AB216DC38300839BDE /* VersionSwift.md */,
				C0ADF361216E774E00B6B0F8 /* HelloWorld.md */,
				C06A9975216FC45D00836925 /* ControlFlow.md */,
				C09E6A2E2170CB8D009A0130 /* FunctionsAndClosures.md */,
				C09E6A302170CF02009A0130 /* ObjectsAndClasses.md */,
				C09E6A322170D25D009A0130 /* EnumerationsAndStructures.md */,
				C09E6A342170D750009A0130 /* ProtocolsAndExtensions.md */,
				C06CB43A21712BE100C147B9 /* ErrorHandling.md */,
				C06CB43C2171BEFC00C147B9 /* Generics.md */,
			);
			path = Welcome;
			sourceTree = "<group>";
		};
		C01D7BBA2173AA08000208CC /* Basic */ = {
			isa = PBXGroup;
			children = (
				C01D7BBB2173AC8E000208CC /* ConstantsAndVariables.md */,
				C0141F562174B9550093BF56 /* Comments.md */,
				C0141F582174BA650093BF56 /* Integers.md */,
				C0141F5A2174BC030093BF56 /* FloatingPointNumbers.md */,
				C0141F5D2174BDEE0093BF56 /* TypeSafetyAndTypeInference.md */,
				C0141F5F2174BEA00093BF56 /* NumericLiterals.md */,
				C0141F612174C1AD0093BF56 /* NumericTypeConversion.md */,
			);
			path = Basic;
			sourceTree = "<group>";
		};
		C01D88852163A3B200F0F317 /* Markdown */ = {
			isa = PBXGroup;
			children = (
				C0EDDC0B216B840C0098BBE8 /* Swift */,
				C0EDDC0C216B84190098BBE8 /* Patterns */,
				C0EDDC0D216B84240098BBE8 /* Libraries */,
				C0EDDC0E216B842D0098BBE8 /* Other */,
			);
			path = Markdown;
			sourceTree = "<group>";
		};
		C05D3EF221629F5C00BD0268 /* Model */ = {
			isa = PBXGroup;
			children = (
				C01D888F2163D53500F0F317 /* Tutorial.swift */,
				C0EDDC03216B31480098BBE8 /* SwiftTutorials.swift */,
				C0EDDC05216B31550098BBE8 /* PatternsTutorials.swift */,
				C0EDDC07216B316E0098BBE8 /* LibrariesTutorials.swift */,
				C0EDDC09216B317F0098BBE8 /* OtherTutorials.swift */,
			);
			path = Model;
			sourceTree = "<group>";
		};
		C05D3EF52162A0B800BD0268 /* ViewController */ = {
			isa = PBXGroup;
			children = (
				C05D3EEE2162935F00BD0268 /* SwiftViewController.swift */,
				C017FE6D216A82B800FA116D /* PatternsViewController.swift */,
				C017FE6F216A831700FA116D /* LibrariesViewController.swift */,
				C017FE71216A833200FA116D /* OtherViewController.swift */,
				C01D88882163A63600F0F317 /* TutorialViewController.swift */,
			);
			path = ViewController;
			sourceTree = "<group>";
		};
		C05D3EFA2163283900BD0268 /* View */ = {
			isa = PBXGroup;
			children = (
				C05D3EFB216328BE00BD0268 /* CategoryRow.swift */,
				C05D3EFD2163306B00BD0268 /* TopicCell.swift */,
			);
			path = View;
			sourceTree = "<group>";
		};
		C0C824E321620DC700D8076F = {
			isa = PBXGroup;
			children = (
				C0C824EE21620DC700D8076F /* SwiftGuideApp */,
				C0C824ED21620DC700D8076F /* Products */,
				77AAAB4BEEE1E2FDBD49330E /* Pods */,
				B3A31AF1BA903D8463F65882 /* Frameworks */,
			);
			sourceTree = "<group>";
		};
		C0C824ED21620DC700D8076F /* Products */ = {
			isa = PBXGroup;
			children = (
				C0C824EC21620DC700D8076F /* SwiftGuideApp.app */,
			);
			name = Products;
			sourceTree = "<group>";
		};
		C0C824EE21620DC700D8076F /* SwiftGuideApp */ = {
			isa = PBXGroup;
			children = (
				C0C824F321620DC700D8076F /* Main.storyboard */,
				C05D3EFA2163283900BD0268 /* View */,
				C05D3EF52162A0B800BD0268 /* ViewController */,
				C05D3EF221629F5C00BD0268 /* Model */,
				C0C824EF21620DC700D8076F /* AppDelegate.swift */,
				C01D88852163A3B200F0F317 /* Markdown */,
				C0C824F621620DC800D8076F /* Assets.xcassets */,
				C0C824FB21620DC800D8076F /* Info.plist */,
				C0C824F821620DC800D8076F /* LaunchScreen.storyboard */,
			);
			path = SwiftGuideApp;
			sourceTree = "<group>";
		};
		C0EDDC0B216B840C0098BBE8 /* Swift */ = {
			isa = PBXGroup;
			children = (
				C01D7BB92173A9ED000208CC /* Welcome */,
				C01D7BBA2173AA08000208CC /* Basic */,
			);
			path = Swift;
			sourceTree = "<group>";
		};
		C0EDDC0C216B84190098BBE8 /* Patterns */ = {
			isa = PBXGroup;
			children = (
				C073951121692A8A00F9A2E2 /* DesignPatterns.md */,
			);
			path = Patterns;
			sourceTree = "<group>";
		};
		C0EDDC0D216B84240098BBE8 /* Libraries */ = {
			isa = PBXGroup;
			children = (
				C0EDDC0F216B84660098BBE8 /* RxSwift.md */,
			);
			path = Libraries;
			sourceTree = "<group>";
		};
		C0EDDC0E216B842D0098BBE8 /* Other */ = {
			isa = PBXGroup;
			children = (
				C01D88862163A41000F0F317 /* Xcode.md */,
				C01D888D2163C93A00F0F317 /* Playground.md */,
			);
			path = Other;
			sourceTree = "<group>";
		};
/* End PBXGroup section */

/* Begin PBXNativeTarget section */
		C0C824EB21620DC700D8076F /* SwiftGuideApp */ = {
			isa = PBXNativeTarget;
			buildConfigurationList = C0C824FE21620DC800D8076F /* Build configuration list for PBXNativeTarget "SwiftGuideApp" */;
			buildPhases = (
				B0CF9E06BF46C09AD14CDDA5 /* [CP] Check Pods Manifest.lock */,
				C0C824E821620DC700D8076F /* Sources */,
				C0C824E921620DC700D8076F /* Frameworks */,
				C0C824EA21620DC700D8076F /* Resources */,
				9E5A137E1AAC60734C7360BB /* [CP] Embed Pods Frameworks */,
			);
			buildRules = (
			);
			dependencies = (
			);
			name = SwiftGuideApp;
			productName = SwiftGuideApp;
			productReference = C0C824EC21620DC700D8076F /* SwiftGuideApp.app */;
			productType = "com.apple.product-type.application";
		};
/* End PBXNativeTarget section */

/* Begin PBXProject section */
		C0C824E421620DC700D8076F /* Project object */ = {
			isa = PBXProject;
			attributes = {
				LastSwiftUpdateCheck = 1000;
				LastUpgradeCheck = 1000;
				ORGANIZATIONNAME = "Vadim Denisov";
				TargetAttributes = {
					C0C824EB21620DC700D8076F = {
						CreatedOnToolsVersion = 10.0;
					};
				};
			};
			buildConfigurationList = C0C824E721620DC700D8076F /* Build configuration list for PBXProject "SwiftGuideApp" */;
			compatibilityVersion = "Xcode 9.3";
			developmentRegion = en;
			hasScannedForEncodings = 0;
			knownRegions = (
				en,
				Base,
			);
			mainGroup = C0C824E321620DC700D8076F;
			productRefGroup = C0C824ED21620DC700D8076F /* Products */;
			projectDirPath = "";
			projectRoot = "";
			targets = (
				C0C824EB21620DC700D8076F /* SwiftGuideApp */,
			);
		};
/* End PBXProject section */

/* Begin PBXResourcesBuildPhase section */
		C0C824EA21620DC700D8076F /* Resources */ = {
			isa = PBXResourcesBuildPhase;
			buildActionMask = 2147483647;
			files = (
				C09E6A352170D750009A0130 /* ProtocolsAndExtensions.md in Resources */,
				C0141F592174BA650093BF56 /* Integers.md in Resources */,
				C09E6A312170CF02009A0130 /* ObjectsAndClasses.md in Resources */,
				C06CB43D2171BEFC00C147B9 /* Generics.md in Resources */,
				C0C824FA21620DC800D8076F /* LaunchScreen.storyboard in Resources */,
				C0141F622174C1AD0093BF56 /* NumericTypeConversion.md in Resources */,
				C0141F572174B9550093BF56 /* Comments.md in Resources */,
				C0EDDC10216B84660098BBE8 /* RxSwift.md in Resources */,
				C0C824F721620DC800D8076F /* Assets.xcassets in Resources */,
				C0141F5E2174BDEE0093BF56 /* TypeSafetyAndTypeInference.md in Resources */,
				C054D88021665B7F00FFA52D /* Variables.md in Resources */,
				C09E6A332170D25D009A0130 /* EnumerationsAndStructures.md in Resources */,
				C073951221692A8A00F9A2E2 /* DesignPatterns.md in Resources */,
				C0141F602174BEA00093BF56 /* NumericLiterals.md in Resources */,
				C01D88872163A41000F0F317 /* Xcode.md in Resources */,
				C0C824F521620DC700D8076F /* Main.storyboard in Resources */,
				C06CB43B21712BE100C147B9 /* ErrorHandling.md in Resources */,
				C06161CE216CA5A7000D3D89 /* AboutSwift.md in Resources */,
				C06A9976216FC45D00836925 /* ControlFlow.md in Resources */,
				C09E6A2F2170CB8D009A0130 /* FunctionsAndClosures.md in Resources */,
				C05326AC216DC38300839BDE /* VersionSwift.md in Resources */,
				C0141F5B2174BC030093BF56 /* FloatingPointNumbers.md in Resources */,
				C0ADF362216E774E00B6B0F8 /* HelloWorld.md in Resources */,
				C01D888E2163C93A00F0F317 /* Playground.md in Resources */,
				C01D7BBC2173AC8E000208CC /* ConstantsAndVariables.md in Resources */,
			);
			runOnlyForDeploymentPostprocessing = 0;
		};
/* End PBXResourcesBuildPhase section */

/* Begin PBXShellScriptBuildPhase section */
		9E5A137E1AAC60734C7360BB /* [CP] Embed Pods Frameworks */ = {
			isa = PBXShellScriptBuildPhase;
			buildActionMask = 2147483647;
			files = (
			);
			inputFileListPaths = (
			);
			inputPaths = (
				"${SRCROOT}/Pods/Target Support Files/Pods-SwiftGuideApp/Pods-SwiftGuideApp-frameworks.sh",
				"${BUILT_PRODUCTS_DIR}/MarkdownView/MarkdownView.framework",
			);
			name = "[CP] Embed Pods Frameworks";
			outputFileListPaths = (
			);
			outputPaths = (
				"${TARGET_BUILD_DIR}/${FRAMEWORKS_FOLDER_PATH}/MarkdownView.framework",
			);
			runOnlyForDeploymentPostprocessing = 0;
			shellPath = /bin/sh;
			shellScript = "\"${SRCROOT}/Pods/Target Support Files/Pods-SwiftGuideApp/Pods-SwiftGuideApp-frameworks.sh\"\n";
			showEnvVarsInLog = 0;
		};
		B0CF9E06BF46C09AD14CDDA5 /* [CP] Check Pods Manifest.lock */ = {
			isa = PBXShellScriptBuildPhase;
			buildActionMask = 2147483647;
			files = (
			);
			inputFileListPaths = (
			);
			inputPaths = (
				"${PODS_PODFILE_DIR_PATH}/Podfile.lock",
				"${PODS_ROOT}/Manifest.lock",
			);
			name = "[CP] Check Pods Manifest.lock";
			outputFileListPaths = (
			);
			outputPaths = (
				"$(DERIVED_FILE_DIR)/Pods-SwiftGuideApp-checkManifestLockResult.txt",
			);
			runOnlyForDeploymentPostprocessing = 0;
			shellPath = /bin/sh;
			shellScript = "diff \"${PODS_PODFILE_DIR_PATH}/Podfile.lock\" \"${PODS_ROOT}/Manifest.lock\" > /dev/null\nif [ $? != 0 ] ; then\n    # print error to STDERR\n    echo \"error: The sandbox is not in sync with the Podfile.lock. Run 'pod install' or update your CocoaPods installation.\" >&2\n    exit 1\nfi\n# This output is used by Xcode 'outputs' to avoid re-running this script phase.\necho \"SUCCESS\" > \"${SCRIPT_OUTPUT_FILE_0}\"\n";
			showEnvVarsInLog = 0;
		};
/* End PBXShellScriptBuildPhase section */

/* Begin PBXSourcesBuildPhase section */
		C0C824E821620DC700D8076F /* Sources */ = {
			isa = PBXSourcesBuildPhase;
			buildActionMask = 2147483647;
			files = (
				C0EDDC08216B316E0098BBE8 /* LibrariesTutorials.swift in Sources */,
				C017FE70216A831700FA116D /* LibrariesViewController.swift in Sources */,
				C01D88902163D53500F0F317 /* Tutorial.swift in Sources */,
				C05D3EFE2163306B00BD0268 /* TopicCell.swift in Sources */,
				C0EDDC0A216B317F0098BBE8 /* OtherTutorials.swift in Sources */,
				C05D3EEF2162935F00BD0268 /* SwiftViewController.swift in Sources */,
				C05D3EFC216328BE00BD0268 /* CategoryRow.swift in Sources */,
				C0EDDC04216B31480098BBE8 /* SwiftTutorials.swift in Sources */,
				C01D88892163A63600F0F317 /* TutorialViewController.swift in Sources */,
				C0C824F021620DC700D8076F /* AppDelegate.swift in Sources */,
				C017FE6E216A82B800FA116D /* PatternsViewController.swift in Sources */,
				C0EDDC06216B31550098BBE8 /* PatternsTutorials.swift in Sources */,
				C017FE72216A833200FA116D /* OtherViewController.swift in Sources */,
			);
			runOnlyForDeploymentPostprocessing = 0;
		};
/* End PBXSourcesBuildPhase section */

/* Begin PBXVariantGroup section */
		C0C824F321620DC700D8076F /* Main.storyboard */ = {
			isa = PBXVariantGroup;
			children = (
				C0C824F421620DC700D8076F /* Base */,
			);
			name = Main.storyboard;
			sourceTree = "<group>";
		};
		C0C824F821620DC800D8076F /* LaunchScreen.storyboard */ = {
			isa = PBXVariantGroup;
			children = (
				C0C824F921620DC800D8076F /* Base */,
			);
			name = LaunchScreen.storyboard;
			sourceTree = "<group>";
		};
/* End PBXVariantGroup section */

/* Begin XCBuildConfiguration section */
		C0C824FC21620DC800D8076F /* Debug */ = {
			isa = XCBuildConfiguration;
			buildSettings = {
				ALWAYS_SEARCH_USER_PATHS = NO;
				CLANG_ANALYZER_NONNULL = YES;
				CLANG_ANALYZER_NUMBER_OBJECT_CONVERSION = YES_AGGRESSIVE;
				CLANG_CXX_LANGUAGE_STANDARD = "gnu++14";
				CLANG_CXX_LIBRARY = "libc++";
				CLANG_ENABLE_MODULES = YES;
				CLANG_ENABLE_OBJC_ARC = YES;
				CLANG_ENABLE_OBJC_WEAK = YES;
				CLANG_WARN_BLOCK_CAPTURE_AUTORELEASING = YES;
				CLANG_WARN_BOOL_CONVERSION = YES;
				CLANG_WARN_COMMA = YES;
				CLANG_WARN_CONSTANT_CONVERSION = YES;
				CLANG_WARN_DEPRECATED_OBJC_IMPLEMENTATIONS = YES;
				CLANG_WARN_DIRECT_OBJC_ISA_USAGE = YES_ERROR;
				CLANG_WARN_DOCUMENTATION_COMMENTS = YES;
				CLANG_WARN_EMPTY_BODY = YES;
				CLANG_WARN_ENUM_CONVERSION = YES;
				CLANG_WARN_INFINITE_RECURSION = YES;
				CLANG_WARN_INT_CONVERSION = YES;
				CLANG_WARN_NON_LITERAL_NULL_CONVERSION = YES;
				CLANG_WARN_OBJC_IMPLICIT_RETAIN_SELF = YES;
				CLANG_WARN_OBJC_LITERAL_CONVERSION = YES;
				CLANG_WARN_OBJC_ROOT_CLASS = YES_ERROR;
				CLANG_WARN_RANGE_LOOP_ANALYSIS = YES;
				CLANG_WARN_STRICT_PROTOTYPES = YES;
				CLANG_WARN_SUSPICIOUS_MOVE = YES;
				CLANG_WARN_UNGUARDED_AVAILABILITY = YES_AGGRESSIVE;
				CLANG_WARN_UNREACHABLE_CODE = YES;
				CLANG_WARN__DUPLICATE_METHOD_MATCH = YES;
				CODE_SIGN_IDENTITY = "iPhone Developer";
				COPY_PHASE_STRIP = NO;
				DEBUG_INFORMATION_FORMAT = dwarf;
				ENABLE_STRICT_OBJC_MSGSEND = YES;
				ENABLE_TESTABILITY = YES;
				GCC_C_LANGUAGE_STANDARD = gnu11;
				GCC_DYNAMIC_NO_PIC = NO;
				GCC_NO_COMMON_BLOCKS = YES;
				GCC_OPTIMIZATION_LEVEL = 0;
				GCC_PREPROCESSOR_DEFINITIONS = (
					"DEBUG=1",
					"$(inherited)",
				);
				GCC_WARN_64_TO_32_BIT_CONVERSION = YES;
				GCC_WARN_ABOUT_RETURN_TYPE = YES_ERROR;
				GCC_WARN_UNDECLARED_SELECTOR = YES;
				GCC_WARN_UNINITIALIZED_AUTOS = YES_AGGRESSIVE;
				GCC_WARN_UNUSED_FUNCTION = YES;
				GCC_WARN_UNUSED_VARIABLE = YES;
				IPHONEOS_DEPLOYMENT_TARGET = 12.0;
				MTL_ENABLE_DEBUG_INFO = INCLUDE_SOURCE;
				MTL_FAST_MATH = YES;
				ONLY_ACTIVE_ARCH = YES;
				SDKROOT = iphoneos;
				SWIFT_ACTIVE_COMPILATION_CONDITIONS = DEBUG;
				SWIFT_OPTIMIZATION_LEVEL = "-Onone";
			};
			name = Debug;
		};
		C0C824FD21620DC800D8076F /* Release */ = {
			isa = XCBuildConfiguration;
			buildSettings = {
				ALWAYS_SEARCH_USER_PATHS = NO;
				CLANG_ANALYZER_NONNULL = YES;
				CLANG_ANALYZER_NUMBER_OBJECT_CONVERSION = YES_AGGRESSIVE;
				CLANG_CXX_LANGUAGE_STANDARD = "gnu++14";
				CLANG_CXX_LIBRARY = "libc++";
				CLANG_ENABLE_MODULES = YES;
				CLANG_ENABLE_OBJC_ARC = YES;
				CLANG_ENABLE_OBJC_WEAK = YES;
				CLANG_WARN_BLOCK_CAPTURE_AUTORELEASING = YES;
				CLANG_WARN_BOOL_CONVERSION = YES;
				CLANG_WARN_COMMA = YES;
				CLANG_WARN_CONSTANT_CONVERSION = YES;
				CLANG_WARN_DEPRECATED_OBJC_IMPLEMENTATIONS = YES;
				CLANG_WARN_DIRECT_OBJC_ISA_USAGE = YES_ERROR;
				CLANG_WARN_DOCUMENTATION_COMMENTS = YES;
				CLANG_WARN_EMPTY_BODY = YES;
				CLANG_WARN_ENUM_CONVERSION = YES;
				CLANG_WARN_INFINITE_RECURSION = YES;
				CLANG_WARN_INT_CONVERSION = YES;
				CLANG_WARN_NON_LITERAL_NULL_CONVERSION = YES;
				CLANG_WARN_OBJC_IMPLICIT_RETAIN_SELF = YES;
				CLANG_WARN_OBJC_LITERAL_CONVERSION = YES;
				CLANG_WARN_OBJC_ROOT_CLASS = YES_ERROR;
				CLANG_WARN_RANGE_LOOP_ANALYSIS = YES;
				CLANG_WARN_STRICT_PROTOTYPES = YES;
				CLANG_WARN_SUSPICIOUS_MOVE = YES;
				CLANG_WARN_UNGUARDED_AVAILABILITY = YES_AGGRESSIVE;
				CLANG_WARN_UNREACHABLE_CODE = YES;
				CLANG_WARN__DUPLICATE_METHOD_MATCH = YES;
				CODE_SIGN_IDENTITY = "iPhone Developer";
				COPY_PHASE_STRIP = NO;
				DEBUG_INFORMATION_FORMAT = "dwarf-with-dsym";
				ENABLE_NS_ASSERTIONS = NO;
				ENABLE_STRICT_OBJC_MSGSEND = YES;
				GCC_C_LANGUAGE_STANDARD = gnu11;
				GCC_NO_COMMON_BLOCKS = YES;
				GCC_WARN_64_TO_32_BIT_CONVERSION = YES;
				GCC_WARN_ABOUT_RETURN_TYPE = YES_ERROR;
				GCC_WARN_UNDECLARED_SELECTOR = YES;
				GCC_WARN_UNINITIALIZED_AUTOS = YES_AGGRESSIVE;
				GCC_WARN_UNUSED_FUNCTION = YES;
				GCC_WARN_UNUSED_VARIABLE = YES;
				IPHONEOS_DEPLOYMENT_TARGET = 12.0;
				MTL_ENABLE_DEBUG_INFO = NO;
				MTL_FAST_MATH = YES;
				SDKROOT = iphoneos;
				SWIFT_COMPILATION_MODE = wholemodule;
				SWIFT_OPTIMIZATION_LEVEL = "-O";
				VALIDATE_PRODUCT = YES;
			};
			name = Release;
		};
		C0C824FF21620DC800D8076F /* Debug */ = {
			isa = XCBuildConfiguration;
			baseConfigurationReference = 7D3F85B1B3A5AFCCDBFEC662 /* Pods-SwiftGuideApp.debug.xcconfig */;
			buildSettings = {
				ASSETCATALOG_COMPILER_APPICON_NAME = AppIcon;
				CODE_SIGN_STYLE = Automatic;
				DEVELOPMENT_TEAM = 6YBL7YJSLW;
				INFOPLIST_FILE = SwiftGuideApp/Info.plist;
				LD_RUNPATH_SEARCH_PATHS = (
					"$(inherited)",
					"@executable_path/Frameworks",
				);
				PRODUCT_BUNDLE_IDENTIFIER = com.gidsor.SwiftGuideApp;
				PRODUCT_NAME = "$(TARGET_NAME)";
				SWIFT_VERSION = 4.2;
				TARGETED_DEVICE_FAMILY = "1,2";
			};
			name = Debug;
		};
		C0C8250021620DC800D8076F /* Release */ = {
			isa = XCBuildConfiguration;
			baseConfigurationReference = F8C754677A388BE7445D0B07 /* Pods-SwiftGuideApp.release.xcconfig */;
			buildSettings = {
				ASSETCATALOG_COMPILER_APPICON_NAME = AppIcon;
				CODE_SIGN_STYLE = Automatic;
				DEVELOPMENT_TEAM = 6YBL7YJSLW;
				INFOPLIST_FILE = SwiftGuideApp/Info.plist;
				LD_RUNPATH_SEARCH_PATHS = (
					"$(inherited)",
					"@executable_path/Frameworks",
				);
				PRODUCT_BUNDLE_IDENTIFIER = com.gidsor.SwiftGuideApp;
				PRODUCT_NAME = "$(TARGET_NAME)";
				SWIFT_VERSION = 4.2;
				TARGETED_DEVICE_FAMILY = "1,2";
			};
			name = Release;
		};
/* End XCBuildConfiguration section */

/* Begin XCConfigurationList section */
		C0C824E721620DC700D8076F /* Build configuration list for PBXProject "SwiftGuideApp" */ = {
			isa = XCConfigurationList;
			buildConfigurations = (
				C0C824FC21620DC800D8076F /* Debug */,
				C0C824FD21620DC800D8076F /* Release */,
			);
			defaultConfigurationIsVisible = 0;
			defaultConfigurationName = Release;
		};
		C0C824FE21620DC800D8076F /* Build configuration list for PBXNativeTarget "SwiftGuideApp" */ = {
			isa = XCConfigurationList;
			buildConfigurations = (
				C0C824FF21620DC800D8076F /* Debug */,
				C0C8250021620DC800D8076F /* Release */,
			);
			defaultConfigurationIsVisible = 0;
			defaultConfigurationName = Release;
		};
/* End XCConfigurationList section */
	};
	rootObject = C0C824E421620DC700D8076F /* Project object */;
}
